// !$*UTF8*$!
{
	archiveVersion = 1;
	classes = {
	};
	objectVersion = 50;
	objects = {

/* Begin PBXBuildFile section */
		ACB16E88219D283100068592 /* AppDelegate.swift in Sources */ = {isa = PBXBuildFile; fileRef = ACB16E87219D283100068592 /* AppDelegate.swift */; };
		ACB16E8A219D283400068592 /* Assets.xcassets in Resources */ = {isa = PBXBuildFile; fileRef = ACB16E89219D283400068592 /* Assets.xcassets */; };
		ACB16E8D219D283400068592 /* MainMenu.xib in Resources */ = {isa = PBXBuildFile; fileRef = ACB16E8B219D283400068592 /* MainMenu.xib */; };
		ACB16E99219D283400068592 /* VirtualProxyTests.swift in Sources */ = {isa = PBXBuildFile; fileRef = ACB16E98219D283400068592 /* VirtualProxyTests.swift */; };
		ACB16EA4219D28AD00068592 /* VirtualProxy.swift in Sources */ = {isa = PBXBuildFile; fileRef = ACB16EA3219D28AD00068592 /* VirtualProxy.swift */; };
/* End PBXBuildFile section */

/* Begin PBXContainerItemProxy section */
		ACB16E95219D283400068592 /* PBXContainerItemProxy */ = {
			isa = PBXContainerItemProxy;
			containerPortal = ACB16E7C219D283100068592 /* Project object */;
			proxyType = 1;
			remoteGlobalIDString = ACB16E83219D283100068592;
			remoteInfo = VirtualProxy;
		};
/* End PBXContainerItemProxy section */

/* Begin PBXFileReference section */
		ACB16E84219D283100068592 /* VirtualProxy.app */ = {isa = PBXFileReference; explicitFileType = wrapper.application; includeInIndex = 0; path = VirtualProxy.app; sourceTree = BUILT_PRODUCTS_DIR; };
		ACB16E87219D283100068592 /* AppDelegate.swift */ = {isa = PBXFileReference; lastKnownFileType = sourcecode.swift; path = AppDelegate.swift; sourceTree = "<group>"; };
		ACB16E89219D283400068592 /* Assets.xcassets */ = {isa = PBXFileReference; lastKnownFileType = folder.assetcatalog; path = Assets.xcassets; sourceTree = "<group>"; };
		ACB16E8C219D283400068592 /* Base */ = {isa = PBXFileReference; lastKnownFileType = file.xib; name = Base; path = Base.lproj/MainMenu.xib; sourceTree = "<group>"; };
		ACB16E8E219D283400068592 /* Info.plist */ = {isa = PBXFileReference; lastKnownFileType = text.plist.xml; path = Info.plist; sourceTree = "<group>"; };
		ACB16E8F219D283400068592 /* VirtualProxy.entitlements */ = {isa = PBXFileReference; lastKnownFileType = text.plist.entitlements; path = VirtualProxy.entitlements; sourceTree = "<group>"; };
		ACB16E94219D283400068592 /* VirtualProxyTests.xctest */ = {isa = PBXFileReference; explicitFileType = wrapper.cfbundle; includeInIndex = 0; path = VirtualProxyTests.xctest; sourceTree = BUILT_PRODUCTS_DIR; };
		ACB16E98219D283400068592 /* VirtualProxyTests.swift */ = {isa = PBXFileReference; lastKnownFileType = sourcecode.swift; path = VirtualProxyTests.swift; sourceTree = "<group>"; };
		ACB16E9A219D283400068592 /* Info.plist */ = {isa = PBXFileReference; lastKnownFileType = text.plist.xml; path = Info.plist; sourceTree = "<group>"; };
		ACB16EA3219D28AD00068592 /* VirtualProxy.swift */ = {isa = PBXFileReference; lastKnownFileType = sourcecode.swift; path = VirtualProxy.swift; sourceTree = "<group>"; };
/* End PBXFileReference section */

/* Begin PBXFrameworksBuildPhase section */
		ACB16E81219D283100068592 /* Frameworks */ = {
			isa = PBXFrameworksBuildPhase;
			buildActionMask = 2147483647;
			files = (
			);
			runOnlyForDeploymentPostprocessing = 0;
		};
		ACB16E91219D283400068592 /* Frameworks */ = {
			isa = PBXFrameworksBuildPhase;
			buildActionMask = 2147483647;
			files = (
			);
			runOnlyForDeploymentPostprocessing = 0;
		};
/* End PBXFrameworksBuildPhase section */

/* Begin PBXGroup section */
		ACB16E7B219D283100068592 = {
			isa = PBXGroup;
			children = (
				ACB16E86219D283100068592 /* VirtualProxy */,
				ACB16E97219D283400068592 /* VirtualProxyTests */,
				ACB16E85219D283100068592 /* Products */,
			);
			sourceTree = "<group>";
		};
		ACB16E85219D283100068592 /* Products */ = {
			isa = PBXGroup;
			children = (
				ACB16E84219D283100068592 /* VirtualProxy.app */,
				ACB16E94219D283400068592 /* VirtualProxyTests.xctest */,
			);
			name = Products;
			sourceTree = "<group>";
		};
		ACB16E86219D283100068592 /* VirtualProxy */ = {
			isa = PBXGroup;
			children = (
				ACB16E87219D283100068592 /* AppDelegate.swift */,
				ACB16E89219D283400068592 /* Assets.xcassets */,
				ACB16E8B219D283400068592 /* MainMenu.xib */,
				ACB16E8E219D283400068592 /* Info.plist */,
				ACB16E8F219D283400068592 /* VirtualProxy.entitlements */,
				ACB16EA3219D28AD00068592 /* VirtualProxy.swift */,
			);
			path = VirtualProxy;
			sourceTree = "<group>";
		};
		ACB16E97219D283400068592 /* VirtualProxyTests */ = {
			isa = PBXGroup;
			children = (
				ACB16E98219D283400068592 /* VirtualProxyTests.swift */,
				ACB16E9A219D283400068592 /* Info.plist */,
			);
			path = VirtualProxyTests;
			sourceTree = "<group>";
		};
/* End PBXGroup section */

/* Begin PBXNativeTarget section */
		ACB16E83219D283100068592 /* VirtualProxy */ = {
			isa = PBXNativeTarget;
			buildConfigurationList = ACB16E9D219D283400068592 /* Build configuration list for PBXNativeTarget "VirtualProxy" */;
			buildPhases = (
				ACB16E80219D283100068592 /* Sources */,
				ACB16E81219D283100068592 /* Frameworks */,
				ACB16E82219D283100068592 /* Resources */,
			);
			buildRules = (
			);
			dependencies = (
			);
			name = VirtualProxy;
			productName = VirtualProxy;
			productReference = ACB16E84219D283100068592 /* VirtualProxy.app */;
			productType = "com.apple.product-type.application";
		};
		ACB16E93219D283400068592 /* VirtualProxyTests */ = {
			isa = PBXNativeTarget;
			buildConfigurationList = ACB16EA0219D283400068592 /* Build configuration list for PBXNativeTarget "VirtualProxyTests" */;
			buildPhases = (
				ACB16E90219D283400068592 /* Sources */,
				ACB16E91219D283400068592 /* Frameworks */,
				ACB16E92219D283400068592 /* Resources */,
			);
			buildRules = (
			);
			dependencies = (
				ACB16E96219D283400068592 /* PBXTargetDependency */,
			);
			name = VirtualProxyTests;
			productName = VirtualProxyTests;
			productReference = ACB16E94219D283400068592 /* VirtualProxyTests.xctest */;
			productType = "com.apple.product-type.bundle.unit-test";
		};
/* End PBXNativeTarget section */

/* Begin PBXProject section */
		ACB16E7C219D283100068592 /* Project object */ = {
			isa = PBXProject;
			attributes = {
				LastSwiftUpdateCheck = 1000;
				LastUpgradeCheck = 1000;
				ORGANIZATIONNAME = 3;
				TargetAttributes = {
					ACB16E83219D283100068592 = {
						CreatedOnToolsVersion = 10.0;
					};
					ACB16E93219D283400068592 = {
						CreatedOnToolsVersion = 10.0;
						TestTargetID = ACB16E83219D283100068592;
					};
				};
			};
			buildConfigurationList = ACB16E7F219D283100068592 /* Build configuration list for PBXProject "VirtualProxy" */;
			compatibilityVersion = "Xcode 9.3";
			developmentRegion = en;
			hasScannedForEncodings = 0;
			knownRegions = (
				en,
				Base,
			);
			mainGroup = ACB16E7B219D283100068592;
			productRefGroup = ACB16E85219D283100068592 /* Products */;
			projectDirPath = "";
			projectRoot = "";
			targets = (
				ACB16E83219D283100068592 /* VirtualProxy */,
				ACB16E93219D283400068592 /* VirtualProxyTests */,
			);
		};
/* End PBXProject section */

/* Begin PBXResourcesBuildPhase section */
		ACB16E82219D283100068592 /* Resources */ = {
			isa = PBXResourcesBuildPhase;
			buildActionMask = 2147483647;
			files = (
				ACB16E8A219D283400068592 /* Assets.xcassets in Resources */,
				ACB16E8D219D283400068592 /* MainMenu.xib in Resources */,
			);
			runOnlyForDeploymentPostprocessing = 0;
		};
		ACB16E92219D283400068592 /* Resources */ = {
			isa = PBXResourcesBuildPhase;
			buildActionMask = 2147483647;
			files = (
			);
			runOnlyForDeploymentPostprocessing = 0;
		};
/* End PBXResourcesBuildPhase section */

/* Begin PBXSourcesBuildPhase section */
		ACB16E80219D283100068592 /* Sources */ = {
			isa = PBXSourcesBuildPhase;
			buildActionMask = 2147483647;
			files = (
				ACB16EA4219D28AD00068592 /* VirtualProxy.swift in Sources */,
				ACB16E88219D283100068592 /* AppDelegate.swift in Sources */,
			);
			runOnlyForDeploymentPostprocessing = 0;
		};
		ACB16E90219D283400068592 /* Sources */ = {
			isa = PBXSourcesBuildPhase;
			buildActionMask = 2147483647;
			files = (
				ACB16E99219D283400068592 /* VirtualProxyTests.swift in Sources */,
			);
			runOnlyForDeploymentPostprocessing = 0;
		};
/* End PBXSourcesBuildPhase section */

/* Begin PBXTargetDependency section */
		ACB16E96219D283400068592 /* PBXTargetDependency */ = {
			isa = PBXTargetDependency;
			target = ACB16E83219D283100068592 /* VirtualProxy */;
			targetProxy = ACB16E95219D283400068592 /* PBXContainerItemProxy */;
		};
/* End PBXTargetDependency section */

/* Begin PBXVariantGroup section */
		ACB16E8B219D283400068592 /* MainMenu.xib */ = {
			isa = PBXVariantGroup;
			children = (
				ACB16E8C219D283400068592 /* Base */,
			);
			name = MainMenu.xib;
			sourceTree = "<group>";
		};
/* End PBXVariantGroup section */

/* Begin XCBuildConfiguration section */
		ACB16E9B219D283400068592 /* Debug */ = {
			isa = XCBuildConfiguration;
			buildSettings = {
				ALWAYS_SEARCH_USER_PATHS = NO;
				CLANG_ANALYZER_NONNULL = YES;
				CLANG_ANALYZER_NUMBER_OBJECT_CONVERSION = YES_AGGRESSIVE;
				CLANG_CXX_LANGUAGE_STANDARD = "gnu++14";
				CLANG_CXX_LIBRARY = "libc++";
				CLANG_ENABLE_MODULES = YES;
				CLANG_ENABLE_OBJC_ARC = YES;
				CLANG_ENABLE_OBJC_WEAK = YES;
				CLANG_WARN_BLOCK_CAPTURE_AUTORELEASING = YES;
				CLANG_WARN_BOOL_CONVERSION = YES;
				CLANG_WARN_COMMA = YES;
				CLANG_WARN_CONSTANT_CONVERSION = YES;
				CLANG_WARN_DEPRECATED_OBJC_IMPLEMENTATIONS = YES;
				CLANG_WARN_DIRECT_OBJC_ISA_USAGE = YES_ERROR;
				CLANG_WARN_DOCUMENTATION_COMMENTS = YES;
				CLANG_WARN_EMPTY_BODY = YES;
				CLANG_WARN_ENUM_CONVERSION = YES;
				CLANG_WARN_INFINITE_RECURSION = YES;
				CLANG_WARN_INT_CONVERSION = YES;
				CLANG_WARN_NON_LITERAL_NULL_CONVERSION = YES;
				CLANG_WARN_OBJC_IMPLICIT_RETAIN_SELF = YES;
				CLANG_WARN_OBJC_LITERAL_CONVERSION = YES;
				CLANG_WARN_OBJC_ROOT_CLASS = YES_ERROR;
				CLANG_WARN_RANGE_LOOP_ANALYSIS = YES;
				CLANG_WARN_STRICT_PROTOTYPES = YES;
				CLANG_WARN_SUSPICIOUS_MOVE = YES;
				CLANG_WARN_UNGUARDED_AVAILABILITY = YES_AGGRESSIVE;
				CLANG_WARN_UNREACHABLE_CODE = YES;
				CLANG_WARN__DUPLICATE_METHOD_MATCH = YES;
				CODE_SIGN_IDENTITY = "Mac Developer";
				COPY_PHASE_STRIP = NO;
				DEBUG_INFORMATION_FORMAT = dwarf;
				ENABLE_STRICT_OBJC_MSGSEND = YES;
				ENABLE_TESTABILITY = YES;
				GCC_C_LANGUAGE_STANDARD = gnu11;
				GCC_DYNAMIC_NO_PIC = NO;
				GCC_NO_COMMON_BLOCKS = YES;
				GCC_OPTIMIZATION_LEVEL = 0;
				GCC_PREPROCESSOR_DEFINITIONS = (
					"DEBUG=1",
					"$(inherited)",
				);
				GCC_WARN_64_TO_32_BIT_CONVERSION = YES;
				GCC_WARN_ABOUT_RETURN_TYPE = YES_ERROR;
				GCC_WARN_UNDECLARED_SELECTOR = YES;
				GCC_WARN_UNINITIALIZED_AUTOS = YES_AGGRESSIVE;
				GCC_WARN_UNUSED_FUNCTION = YES;
				GCC_WARN_UNUSED_VARIABLE = YES;
				MACOSX_DEPLOYMENT_TARGET = 10.13;
				MTL_ENABLE_DEBUG_INFO = INCLUDE_SOURCE;
				MTL_FAST_MATH = YES;
				ONLY_ACTIVE_ARCH = YES;
				SDKROOT = macosx;
				SWIFT_ACTIVE_COMPILATION_CONDITIONS = DEBUG;
				SWIFT_OPTIMIZATION_LEVEL = "-Onone";
			};
			name = Debug;
		};
		ACB16E9C219D283400068592 /* Release */ = {
			isa = XCBuildConfiguration;
			buildSettings = {
				ALWAYS_SEARCH_USER_PATHS = NO;
				CLANG_ANALYZER_NONNULL = YES;
				CLANG_ANALYZER_NUMBER_OBJECT_CONVERSION = YES_AGGRESSIVE;
				CLANG_CXX_LANGUAGE_STANDARD = "gnu++14";
				CLANG_CXX_LIBRARY = "libc++";
				CLANG_ENABLE_MODULES = YES;
				CLANG_ENABLE_OBJC_ARC = YES;
				CLANG_ENABLE_OBJC_WEAK = YES;
				CLANG_WARN_BLOCK_CAPTURE_AUTORELEASING = YES;
				CLANG_WARN_BOOL_CONVERSION = YES;
				CLANG_WARN_COMMA = YES;
				CLANG_WARN_CONSTANT_CONVERSION = YES;
				CLANG_WARN_DEPRECATED_OBJC_IMPLEMENTATIONS = YES;
				CLANG_WARN_DIRECT_OBJC_ISA_USAGE = YES_ERROR;
				CLANG_WARN_DOCUMENTATION_COMMENTS = YES;
				CLANG_WARN_EMPTY_BODY = YES;
				CLANG_WARN_ENUM_CONVERSION = YES;
				CLANG_WARN_INFINITE_RECURSION = YES;
				CLANG_WARN_INT_CONVERSION = YES;
				CLANG_WARN_NON_LITERAL_NULL_CONVERSION = YES;
				CLANG_WARN_OBJC_IMPLICIT_RETAIN_SELF = YES;
				CLANG_WARN_OBJC_LITERAL_CONVERSION = YES;
				CLANG_WARN_OBJC_ROOT_CLASS = YES_ERROR;
				CLANG_WARN_RANGE_LOOP_ANALYSIS = YES;
				CLANG_WARN_STRICT_PROTOTYPES = YES;
				CLANG_WARN_SUSPICIOUS_MOVE = YES;
				CLANG_WARN_UNGUARDED_AVAILABILITY = YES_AGGRESSIVE;
				CLANG_WARN_UNREACHABLE_CODE = YES;
				CLANG_WARN__DUPLICATE_METHOD_MATCH = YES;
				CODE_SIGN_IDENTITY = "Mac Developer";
				COPY_PHASE_STRIP = NO;
				DEBUG_INFORMATION_FORMAT = "dwarf-with-dsym";
				ENABLE_NS_ASSERTIONS = NO;
				ENABLE_STRICT_OBJC_MSGSEND = YES;
				GCC_C_LANGUAGE_STANDARD = gnu11;
				GCC_NO_COMMON_BLOCKS = YES;
				GCC_WARN_64_TO_32_BIT_CONVERSION = YES;
				GCC_WARN_ABOUT_RETURN_TYPE = YES_ERROR;
				GCC_WARN_UNDECLARED_SELECTOR = YES;
				GCC_WARN_UNINITIALIZED_AUTOS = YES_AGGRESSIVE;
				GCC_WARN_UNUSED_FUNCTION = YES;
				GCC_WARN_UNUSED_VARIABLE = YES;
				MACOSX_DEPLOYMENT_TARGET = 10.13;
				MTL_ENABLE_DEBUG_INFO = NO;
				MTL_FAST_MATH = YES;
				SDKROOT = macosx;
				SWIFT_COMPILATION_MODE = wholemodule;
				SWIFT_OPTIMIZATION_LEVEL = "-O";
			};
			name = Release;
		};
		ACB16E9E219D283400068592 /* Debug */ = {
			isa = XCBuildConfiguration;
			buildSettings = {
				ASSETCATALOG_COMPILER_APPICON_NAME = AppIcon;
				CODE_SIGN_ENTITLEMENTS = VirtualProxy/VirtualProxy.entitlements;
				CODE_SIGN_STYLE = Automatic;
				COMBINE_HIDPI_IMAGES = YES;
				DEVELOPMENT_TEAM = E53J7FJ2ED;
				INFOPLIST_FILE = VirtualProxy/Info.plist;
				LD_RUNPATH_SEARCH_PATHS = (
					"$(inherited)",
					"@executable_path/../Frameworks",
				);
				PRODUCT_BUNDLE_IDENTIFIER = org.ipa.mobile.VirtualProxy;
				PRODUCT_NAME = "$(TARGET_NAME)";
				SWIFT_VERSION = 4.2;
			};
			name = Debug;
		};
		ACB16E9F219D283400068592 /* Release */ = {
			isa = XCBuildConfiguration;
			buildSettings = {
				ASSETCATALOG_COMPILER_APPICON_NAME = AppIcon;
				CODE_SIGN_ENTITLEMENTS = VirtualProxy/VirtualProxy.entitlements;
				CODE_SIGN_STYLE = Automatic;
				COMBINE_HIDPI_IMAGES = YES;
				DEVELOPMENT_TEAM = E53J7FJ2ED;
				INFOPLIST_FILE = VirtualProxy/Info.plist;
				LD_RUNPATH_SEARCH_PATHS = (
					"$(inherited)",
					"@executable_path/../Frameworks",
				);
				PRODUCT_BUNDLE_IDENTIFIER = org.ipa.mobile.VirtualProxy;
				PRODUCT_NAME = "$(TARGET_NAME)";
				SWIFT_VERSION = 4.2;
			};
			name = Release;
		};
		ACB16EA1219D283400068592 /* Debug */ = {
			isa = XCBuildConfiguration;
			buildSettings = {
				ALWAYS_EMBED_SWIFT_STANDARD_LIBRARIES = YES;
				BUNDLE_LOADER = "$(TEST_HOST)";
				CODE_SIGN_STYLE = Automatic;
				COMBINE_HIDPI_IMAGES = YES;
				DEVELOPMENT_TEAM = E53J7FJ2ED;
				INFOPLIST_FILE = VirtualProxyTests/Info.plist;
				LD_RUNPATH_SEARCH_PATHS = (
					"$(inherited)",
					"@executable_path/../Frameworks",
					"@loader_path/../Frameworks",
				);
				PRODUCT_BUNDLE_IDENTIFIER = org.ipa.mobile.VirtualProxyTests;
				PRODUCT_NAME = "$(TARGET_NAME)";
				SWIFT_VERSION = 4.2;
				TEST_HOST = "$(BUILT_PRODUCTS_DIR)/VirtualProxy.app/Contents/MacOS/VirtualProxy";
			};
			name = Debug;
		};
		ACB16EA2219D283400068592 /* Release */ = {
			isa = XCBuildConfiguration;
			buildSettings = {
				ALWAYS_EMBED_SWIFT_STANDARD_LIBRARIES = YES;
				BUNDLE_LOADER = "$(TEST_HOST)";
				CODE_SIGN_STYLE = Automatic;
				COMBINE_HIDPI_IMAGES = YES;
				DEVELOPMENT_TEAM = E53J7FJ2ED;
				INFOPLIST_FILE = VirtualProxyTests/Info.plist;
				LD_RUNPATH_SEARCH_PATHS = (
					"$(inherited)",
					"@executable_path/../Frameworks",
					"@loader_path/../Frameworks",
				);
				PRODUCT_BUNDLE_IDENTIFIER = org.ipa.mobile.VirtualProxyTests;
				PRODUCT_NAME = "$(TARGET_NAME)";
				SWIFT_VERSION = 4.2;
				TEST_HOST = "$(BUILT_PRODUCTS_DIR)/VirtualProxy.app/Contents/MacOS/VirtualProxy";
			};
			name = Release;
		};
/* End XCBuildConfiguration section */

/* Begin XCConfigurationList section */
		ACB16E7F219D283100068592 /* Build configuration list for PBXProject "VirtualProxy" */ = {
			isa = XCConfigurationList;
			buildConfigurations = (
				ACB16E9B219D283400068592 /* Debug */,
				ACB16E9C219D283400068592 /* Release */,
			);
			defaultConfigurationIsVisible = 0;
			defaultConfigurationName = Release;
		};
		ACB16E9D219D283400068592 /* Build configuration list for PBXNativeTarget "VirtualProxy" */ = {
			isa = XCConfigurationList;
			buildConfigurations = (
				ACB16E9E219D283400068592 /* Debug */,
				ACB16E9F219D283400068592 /* Release */,
			);
			defaultConfigurationIsVisible = 0;
			defaultConfigurationName = Release;
		};
		ACB16EA0219D283400068592 /* Build configuration list for PBXNativeTarget "VirtualProxyTests" */ = {
			isa = XCConfigurationList;
			buildConfigurations = (
				ACB16EA1219D283400068592 /* Debug */,
				ACB16EA2219D283400068592 /* Release */,
			);
			defaultConfigurationIsVisible = 0;
			defaultConfigurationName = Release;
		};
/* End XCConfigurationList section */
	};
	rootObject = ACB16E7C219D283100068592 /* Project object */;
}
