// !$*UTF8*$!
{
	archiveVersion = 1;
	classes = {
	};
	objectVersion = 50;
	objects = {

/* Begin PBXBuildFile section */
		AC047AC221D5DC9E008DA314 /* AppDelegate.swift in Sources */ = {isa = PBXBuildFile; fileRef = AC047AC121D5DC9E008DA314 /* AppDelegate.swift */; };
		AC047AC421D5DC9F008DA314 /* Assets.xcassets in Resources */ = {isa = PBXBuildFile; fileRef = AC047AC321D5DC9F008DA314 /* Assets.xcassets */; };
		AC047AC721D5DCA0008DA314 /* MainMenu.xib in Resources */ = {isa = PBXBuildFile; fileRef = AC047AC521D5DCA0008DA314 /* MainMenu.xib */; };
		AC047AD321D5DCA0008DA314 /* SkipListTests.swift in Sources */ = {isa = PBXBuildFile; fileRef = AC047AD221D5DCA0008DA314 /* SkipListTests.swift */; };
		AC047ADE21D5DCCD008DA314 /* SkipList.swift in Sources */ = {isa = PBXBuildFile; fileRef = AC047ADD21D5DCCD008DA314 /* SkipList.swift */; };
/* End PBXBuildFile section */

/* Begin PBXContainerItemProxy section */
		AC047ACF21D5DCA0008DA314 /* PBXContainerItemProxy */ = {
			isa = PBXContainerItemProxy;
			containerPortal = AC047AB621D5DC9D008DA314 /* Project object */;
			proxyType = 1;
			remoteGlobalIDString = AC047ABD21D5DC9D008DA314;
			remoteInfo = SkipList;
		};
/* End PBXContainerItemProxy section */

/* Begin PBXFileReference section */
		AC047ABE21D5DC9E008DA314 /* SkipList.app */ = {isa = PBXFileReference; explicitFileType = wrapper.application; includeInIndex = 0; path = SkipList.app; sourceTree = BUILT_PRODUCTS_DIR; };
		AC047AC121D5DC9E008DA314 /* AppDelegate.swift */ = {isa = PBXFileReference; lastKnownFileType = sourcecode.swift; path = AppDelegate.swift; sourceTree = "<group>"; };
		AC047AC321D5DC9F008DA314 /* Assets.xcassets */ = {isa = PBXFileReference; lastKnownFileType = folder.assetcatalog; path = Assets.xcassets; sourceTree = "<group>"; };
		AC047AC621D5DCA0008DA314 /* Base */ = {isa = PBXFileReference; lastKnownFileType = file.xib; name = Base; path = Base.lproj/MainMenu.xib; sourceTree = "<group>"; };
		AC047AC821D5DCA0008DA314 /* Info.plist */ = {isa = PBXFileReference; lastKnownFileType = text.plist.xml; path = Info.plist; sourceTree = "<group>"; };
		AC047AC921D5DCA0008DA314 /* SkipList.entitlements */ = {isa = PBXFileReference; lastKnownFileType = text.plist.entitlements; path = SkipList.entitlements; sourceTree = "<group>"; };
		AC047ACE21D5DCA0008DA314 /* SkipListTests.xctest */ = {isa = PBXFileReference; explicitFileType = wrapper.cfbundle; includeInIndex = 0; path = SkipListTests.xctest; sourceTree = BUILT_PRODUCTS_DIR; };
		AC047AD221D5DCA0008DA314 /* SkipListTests.swift */ = {isa = PBXFileReference; lastKnownFileType = sourcecode.swift; path = SkipListTests.swift; sourceTree = "<group>"; };
		AC047AD421D5DCA0008DA314 /* Info.plist */ = {isa = PBXFileReference; lastKnownFileType = text.plist.xml; path = Info.plist; sourceTree = "<group>"; };
		AC047ADD21D5DCCD008DA314 /* SkipList.swift */ = {isa = PBXFileReference; lastKnownFileType = sourcecode.swift; path = SkipList.swift; sourceTree = "<group>"; };
/* End PBXFileReference section */

/* Begin PBXFrameworksBuildPhase section */
		AC047ABB21D5DC9D008DA314 /* Frameworks */ = {
			isa = PBXFrameworksBuildPhase;
			buildActionMask = 2147483647;
			files = (
			);
			runOnlyForDeploymentPostprocessing = 0;
		};
		AC047ACB21D5DCA0008DA314 /* Frameworks */ = {
			isa = PBXFrameworksBuildPhase;
			buildActionMask = 2147483647;
			files = (
			);
			runOnlyForDeploymentPostprocessing = 0;
		};
/* End PBXFrameworksBuildPhase section */

/* Begin PBXGroup section */
		AC047AB521D5DC9D008DA314 = {
			isa = PBXGroup;
			children = (
				AC047AC021D5DC9E008DA314 /* SkipList */,
				AC047AD121D5DCA0008DA314 /* SkipListTests */,
				AC047ABF21D5DC9E008DA314 /* Products */,
			);
			sourceTree = "<group>";
		};
		AC047ABF21D5DC9E008DA314 /* Products */ = {
			isa = PBXGroup;
			children = (
				AC047ABE21D5DC9E008DA314 /* SkipList.app */,
				AC047ACE21D5DCA0008DA314 /* SkipListTests.xctest */,
			);
			name = Products;
			sourceTree = "<group>";
		};
		AC047AC021D5DC9E008DA314 /* SkipList */ = {
			isa = PBXGroup;
			children = (
				AC047AC121D5DC9E008DA314 /* AppDelegate.swift */,
				AC047AC321D5DC9F008DA314 /* Assets.xcassets */,
				AC047AC521D5DCA0008DA314 /* MainMenu.xib */,
				AC047AC821D5DCA0008DA314 /* Info.plist */,
				AC047AC921D5DCA0008DA314 /* SkipList.entitlements */,
				AC047ADD21D5DCCD008DA314 /* SkipList.swift */,
			);
			path = SkipList;
			sourceTree = "<group>";
		};
		AC047AD121D5DCA0008DA314 /* SkipListTests */ = {
			isa = PBXGroup;
			children = (
				AC047AD221D5DCA0008DA314 /* SkipListTests.swift */,
				AC047AD421D5DCA0008DA314 /* Info.plist */,
			);
			path = SkipListTests;
			sourceTree = "<group>";
		};
/* End PBXGroup section */

/* Begin PBXNativeTarget section */
		AC047ABD21D5DC9D008DA314 /* SkipList */ = {
			isa = PBXNativeTarget;
			buildConfigurationList = AC047AD721D5DCA0008DA314 /* Build configuration list for PBXNativeTarget "SkipList" */;
			buildPhases = (
				AC047ABA21D5DC9D008DA314 /* Sources */,
				AC047ABB21D5DC9D008DA314 /* Frameworks */,
				AC047ABC21D5DC9D008DA314 /* Resources */,
			);
			buildRules = (
			);
			dependencies = (
			);
			name = SkipList;
			productName = SkipList;
			productReference = AC047ABE21D5DC9E008DA314 /* SkipList.app */;
			productType = "com.apple.product-type.application";
		};
		AC047ACD21D5DCA0008DA314 /* SkipListTests */ = {
			isa = PBXNativeTarget;
			buildConfigurationList = AC047ADA21D5DCA0008DA314 /* Build configuration list for PBXNativeTarget "SkipListTests" */;
			buildPhases = (
				AC047ACA21D5DCA0008DA314 /* Sources */,
				AC047ACB21D5DCA0008DA314 /* Frameworks */,
				AC047ACC21D5DCA0008DA314 /* Resources */,
			);
			buildRules = (
			);
			dependencies = (
				AC047AD021D5DCA0008DA314 /* PBXTargetDependency */,
			);
			name = SkipListTests;
			productName = SkipListTests;
			productReference = AC047ACE21D5DCA0008DA314 /* SkipListTests.xctest */;
			productType = "com.apple.product-type.bundle.unit-test";
		};
/* End PBXNativeTarget section */

/* Begin PBXProject section */
		AC047AB621D5DC9D008DA314 /* Project object */ = {
			isa = PBXProject;
			attributes = {
				LastSwiftUpdateCheck = 1000;
				LastUpgradeCheck = 1000;
				ORGANIZATIONNAME = 3;
				TargetAttributes = {
					AC047ABD21D5DC9D008DA314 = {
						CreatedOnToolsVersion = 10.0;
					};
					AC047ACD21D5DCA0008DA314 = {
						CreatedOnToolsVersion = 10.0;
						TestTargetID = AC047ABD21D5DC9D008DA314;
					};
				};
			};
			buildConfigurationList = AC047AB921D5DC9D008DA314 /* Build configuration list for PBXProject "SkipList" */;
			compatibilityVersion = "Xcode 9.3";
			developmentRegion = en;
			hasScannedForEncodings = 0;
			knownRegions = (
				en,
				Base,
			);
			mainGroup = AC047AB521D5DC9D008DA314;
			productRefGroup = AC047ABF21D5DC9E008DA314 /* Products */;
			projectDirPath = "";
			projectRoot = "";
			targets = (
				AC047ABD21D5DC9D008DA314 /* SkipList */,
				AC047ACD21D5DCA0008DA314 /* SkipListTests */,
			);
		};
/* End PBXProject section */

/* Begin PBXResourcesBuildPhase section */
		AC047ABC21D5DC9D008DA314 /* Resources */ = {
			isa = PBXResourcesBuildPhase;
			buildActionMask = 2147483647;
			files = (
				AC047AC421D5DC9F008DA314 /* Assets.xcassets in Resources */,
				AC047AC721D5DCA0008DA314 /* MainMenu.xib in Resources */,
			);
			runOnlyForDeploymentPostprocessing = 0;
		};
		AC047ACC21D5DCA0008DA314 /* Resources */ = {
			isa = PBXResourcesBuildPhase;
			buildActionMask = 2147483647;
			files = (
			);
			runOnlyForDeploymentPostprocessing = 0;
		};
/* End PBXResourcesBuildPhase section */

/* Begin PBXSourcesBuildPhase section */
		AC047ABA21D5DC9D008DA314 /* Sources */ = {
			isa = PBXSourcesBuildPhase;
			buildActionMask = 2147483647;
			files = (
				AC047ADE21D5DCCD008DA314 /* SkipList.swift in Sources */,
				AC047AC221D5DC9E008DA314 /* AppDelegate.swift in Sources */,
			);
			runOnlyForDeploymentPostprocessing = 0;
		};
		AC047ACA21D5DCA0008DA314 /* Sources */ = {
			isa = PBXSourcesBuildPhase;
			buildActionMask = 2147483647;
			files = (
				AC047AD321D5DCA0008DA314 /* SkipListTests.swift in Sources */,
			);
			runOnlyForDeploymentPostprocessing = 0;
		};
/* End PBXSourcesBuildPhase section */

/* Begin PBXTargetDependency section */
		AC047AD021D5DCA0008DA314 /* PBXTargetDependency */ = {
			isa = PBXTargetDependency;
			target = AC047ABD21D5DC9D008DA314 /* SkipList */;
			targetProxy = AC047ACF21D5DCA0008DA314 /* PBXContainerItemProxy */;
		};
/* End PBXTargetDependency section */

/* Begin PBXVariantGroup section */
		AC047AC521D5DCA0008DA314 /* MainMenu.xib */ = {
			isa = PBXVariantGroup;
			children = (
				AC047AC621D5DCA0008DA314 /* Base */,
			);
			name = MainMenu.xib;
			sourceTree = "<group>";
		};
/* End PBXVariantGroup section */

/* Begin XCBuildConfiguration section */
		AC047AD521D5DCA0008DA314 /* Debug */ = {
			isa = XCBuildConfiguration;
			buildSettings = {
				ALWAYS_SEARCH_USER_PATHS = NO;
				CLANG_ANALYZER_NONNULL = YES;
				CLANG_ANALYZER_NUMBER_OBJECT_CONVERSION = YES_AGGRESSIVE;
				CLANG_CXX_LANGUAGE_STANDARD = "gnu++14";
				CLANG_CXX_LIBRARY = "libc++";
				CLANG_ENABLE_MODULES = YES;
				CLANG_ENABLE_OBJC_ARC = YES;
				CLANG_ENABLE_OBJC_WEAK = YES;
				CLANG_WARN_BLOCK_CAPTURE_AUTORELEASING = YES;
				CLANG_WARN_BOOL_CONVERSION = YES;
				CLANG_WARN_COMMA = YES;
				CLANG_WARN_CONSTANT_CONVERSION = YES;
				CLANG_WARN_DEPRECATED_OBJC_IMPLEMENTATIONS = YES;
				CLANG_WARN_DIRECT_OBJC_ISA_USAGE = YES_ERROR;
				CLANG_WARN_DOCUMENTATION_COMMENTS = YES;
				CLANG_WARN_EMPTY_BODY = YES;
				CLANG_WARN_ENUM_CONVERSION = YES;
				CLANG_WARN_INFINITE_RECURSION = YES;
				CLANG_WARN_INT_CONVERSION = YES;
				CLANG_WARN_NON_LITERAL_NULL_CONVERSION = YES;
				CLANG_WARN_OBJC_IMPLICIT_RETAIN_SELF = YES;
				CLANG_WARN_OBJC_LITERAL_CONVERSION = YES;
				CLANG_WARN_OBJC_ROOT_CLASS = YES_ERROR;
				CLANG_WARN_RANGE_LOOP_ANALYSIS = YES;
				CLANG_WARN_STRICT_PROTOTYPES = YES;
				CLANG_WARN_SUSPICIOUS_MOVE = YES;
				CLANG_WARN_UNGUARDED_AVAILABILITY = YES_AGGRESSIVE;
				CLANG_WARN_UNREACHABLE_CODE = YES;
				CLANG_WARN__DUPLICATE_METHOD_MATCH = YES;
				CODE_SIGN_IDENTITY = "-";
				COPY_PHASE_STRIP = NO;
				DEBUG_INFORMATION_FORMAT = dwarf;
				ENABLE_STRICT_OBJC_MSGSEND = YES;
				ENABLE_TESTABILITY = YES;
				GCC_C_LANGUAGE_STANDARD = gnu11;
				GCC_DYNAMIC_NO_PIC = NO;
				GCC_NO_COMMON_BLOCKS = YES;
				GCC_OPTIMIZATION_LEVEL = 0;
				GCC_PREPROCESSOR_DEFINITIONS = (
					"DEBUG=1",
					"$(inherited)",
				);
				GCC_WARN_64_TO_32_BIT_CONVERSION = YES;
				GCC_WARN_ABOUT_RETURN_TYPE = YES_ERROR;
				GCC_WARN_UNDECLARED_SELECTOR = YES;
				GCC_WARN_UNINITIALIZED_AUTOS = YES_AGGRESSIVE;
				GCC_WARN_UNUSED_FUNCTION = YES;
				GCC_WARN_UNUSED_VARIABLE = YES;
				MACOSX_DEPLOYMENT_TARGET = 10.13;
				MTL_ENABLE_DEBUG_INFO = INCLUDE_SOURCE;
				MTL_FAST_MATH = YES;
				ONLY_ACTIVE_ARCH = YES;
				SDKROOT = macosx;
				SWIFT_ACTIVE_COMPILATION_CONDITIONS = DEBUG;
				SWIFT_OPTIMIZATION_LEVEL = "-Onone";
			};
			name = Debug;
		};
		AC047AD621D5DCA0008DA314 /* Release */ = {
			isa = XCBuildConfiguration;
			buildSettings = {
				ALWAYS_SEARCH_USER_PATHS = NO;
				CLANG_ANALYZER_NONNULL = YES;
				CLANG_ANALYZER_NUMBER_OBJECT_CONVERSION = YES_AGGRESSIVE;
				CLANG_CXX_LANGUAGE_STANDARD = "gnu++14";
				CLANG_CXX_LIBRARY = "libc++";
				CLANG_ENABLE_MODULES = YES;
				CLANG_ENABLE_OBJC_ARC = YES;
				CLANG_ENABLE_OBJC_WEAK = YES;
				CLANG_WARN_BLOCK_CAPTURE_AUTORELEASING = YES;
				CLANG_WARN_BOOL_CONVERSION = YES;
				CLANG_WARN_COMMA = YES;
				CLANG_WARN_CONSTANT_CONVERSION = YES;
				CLANG_WARN_DEPRECATED_OBJC_IMPLEMENTATIONS = YES;
				CLANG_WARN_DIRECT_OBJC_ISA_USAGE = YES_ERROR;
				CLANG_WARN_DOCUMENTATION_COMMENTS = YES;
				CLANG_WARN_EMPTY_BODY = YES;
				CLANG_WARN_ENUM_CONVERSION = YES;
				CLANG_WARN_INFINITE_RECURSION = YES;
				CLANG_WARN_INT_CONVERSION = YES;
				CLANG_WARN_NON_LITERAL_NULL_CONVERSION = YES;
				CLANG_WARN_OBJC_IMPLICIT_RETAIN_SELF = YES;
				CLANG_WARN_OBJC_LITERAL_CONVERSION = YES;
				CLANG_WARN_OBJC_ROOT_CLASS = YES_ERROR;
				CLANG_WARN_RANGE_LOOP_ANALYSIS = YES;
				CLANG_WARN_STRICT_PROTOTYPES = YES;
				CLANG_WARN_SUSPICIOUS_MOVE = YES;
				CLANG_WARN_UNGUARDED_AVAILABILITY = YES_AGGRESSIVE;
				CLANG_WARN_UNREACHABLE_CODE = YES;
				CLANG_WARN__DUPLICATE_METHOD_MATCH = YES;
				CODE_SIGN_IDENTITY = "-";
				COPY_PHASE_STRIP = NO;
				DEBUG_INFORMATION_FORMAT = "dwarf-with-dsym";
				ENABLE_NS_ASSERTIONS = NO;
				ENABLE_STRICT_OBJC_MSGSEND = YES;
				GCC_C_LANGUAGE_STANDARD = gnu11;
				GCC_NO_COMMON_BLOCKS = YES;
				GCC_WARN_64_TO_32_BIT_CONVERSION = YES;
				GCC_WARN_ABOUT_RETURN_TYPE = YES_ERROR;
				GCC_WARN_UNDECLARED_SELECTOR = YES;
				GCC_WARN_UNINITIALIZED_AUTOS = YES_AGGRESSIVE;
				GCC_WARN_UNUSED_FUNCTION = YES;
				GCC_WARN_UNUSED_VARIABLE = YES;
				MACOSX_DEPLOYMENT_TARGET = 10.13;
				MTL_ENABLE_DEBUG_INFO = NO;
				MTL_FAST_MATH = YES;
				SDKROOT = macosx;
				SWIFT_COMPILATION_MODE = wholemodule;
				SWIFT_OPTIMIZATION_LEVEL = "-O";
			};
			name = Release;
		};
		AC047AD821D5DCA0008DA314 /* Debug */ = {
			isa = XCBuildConfiguration;
			buildSettings = {
				ASSETCATALOG_COMPILER_APPICON_NAME = AppIcon;
				CODE_SIGN_ENTITLEMENTS = SkipList/SkipList.entitlements;
				CODE_SIGN_STYLE = Automatic;
				COMBINE_HIDPI_IMAGES = YES;
				INFOPLIST_FILE = SkipList/Info.plist;
				LD_RUNPATH_SEARCH_PATHS = (
					"$(inherited)",
					"@executable_path/../Frameworks",
				);
				PRODUCT_BUNDLE_IDENTIFIER = org.ipa.mobile.SkipList;
				PRODUCT_NAME = "$(TARGET_NAME)";
				SWIFT_VERSION = 4.2;
			};
			name = Debug;
		};
		AC047AD921D5DCA0008DA314 /* Release */ = {
			isa = XCBuildConfiguration;
			buildSettings = {
				ASSETCATALOG_COMPILER_APPICON_NAME = AppIcon;
				CODE_SIGN_ENTITLEMENTS = SkipList/SkipList.entitlements;
				CODE_SIGN_STYLE = Automatic;
				COMBINE_HIDPI_IMAGES = YES;
				INFOPLIST_FILE = SkipList/Info.plist;
				LD_RUNPATH_SEARCH_PATHS = (
					"$(inherited)",
					"@executable_path/../Frameworks",
				);
				PRODUCT_BUNDLE_IDENTIFIER = org.ipa.mobile.SkipList;
				PRODUCT_NAME = "$(TARGET_NAME)";
				SWIFT_VERSION = 4.2;
			};
			name = Release;
		};
		AC047ADB21D5DCA0008DA314 /* Debug */ = {
			isa = XCBuildConfiguration;
			buildSettings = {
				ALWAYS_EMBED_SWIFT_STANDARD_LIBRARIES = YES;
				BUNDLE_LOADER = "$(TEST_HOST)";
				CODE_SIGN_STYLE = Automatic;
				COMBINE_HIDPI_IMAGES = YES;
				INFOPLIST_FILE = SkipListTests/Info.plist;
				LD_RUNPATH_SEARCH_PATHS = (
					"$(inherited)",
					"@executable_path/../Frameworks",
					"@loader_path/../Frameworks",
				);
				PRODUCT_BUNDLE_IDENTIFIER = org.ipa.mobile.SkipListTests;
				PRODUCT_NAME = "$(TARGET_NAME)";
				SWIFT_VERSION = 4.2;
				TEST_HOST = "$(BUILT_PRODUCTS_DIR)/SkipList.app/Contents/MacOS/SkipList";
			};
			name = Debug;
		};
		AC047ADC21D5DCA0008DA314 /* Release */ = {
			isa = XCBuildConfiguration;
			buildSettings = {
				ALWAYS_EMBED_SWIFT_STANDARD_LIBRARIES = YES;
				BUNDLE_LOADER = "$(TEST_HOST)";
				CODE_SIGN_STYLE = Automatic;
				COMBINE_HIDPI_IMAGES = YES;
				INFOPLIST_FILE = SkipListTests/Info.plist;
				LD_RUNPATH_SEARCH_PATHS = (
					"$(inherited)",
					"@executable_path/../Frameworks",
					"@loader_path/../Frameworks",
				);
				PRODUCT_BUNDLE_IDENTIFIER = org.ipa.mobile.SkipListTests;
				PRODUCT_NAME = "$(TARGET_NAME)";
				SWIFT_VERSION = 4.2;
				TEST_HOST = "$(BUILT_PRODUCTS_DIR)/SkipList.app/Contents/MacOS/SkipList";
			};
			name = Release;
		};
/* End XCBuildConfiguration section */

/* Begin XCConfigurationList section */
		AC047AB921D5DC9D008DA314 /* Build configuration list for PBXProject "SkipList" */ = {
			isa = XCConfigurationList;
			buildConfigurations = (
				AC047AD521D5DCA0008DA314 /* Debug */,
				AC047AD621D5DCA0008DA314 /* Release */,
			);
			defaultConfigurationIsVisible = 0;
			defaultConfigurationName = Release;
		};
		AC047AD721D5DCA0008DA314 /* Build configuration list for PBXNativeTarget "SkipList" */ = {
			isa = XCConfigurationList;
			buildConfigurations = (
				AC047AD821D5DCA0008DA314 /* Debug */,
				AC047AD921D5DCA0008DA314 /* Release */,
			);
			defaultConfigurationIsVisible = 0;
			defaultConfigurationName = Release;
		};
		AC047ADA21D5DCA0008DA314 /* Build configuration list for PBXNativeTarget "SkipListTests" */ = {
			isa = XCConfigurationList;
			buildConfigurations = (
				AC047ADB21D5DCA0008DA314 /* Debug */,
				AC047ADC21D5DCA0008DA314 /* Release */,
			);
			defaultConfigurationIsVisible = 0;
			defaultConfigurationName = Release;
		};
/* End XCConfigurationList section */
	};
	rootObject = AC047AB621D5DC9D008DA314 /* Project object */;
}
