// !$*UTF8*$!
{
	archiveVersion = 1;
	classes = {
	};
	objectVersion = 50;
	objects = {

/* Begin PBXBuildFile section */
		ACA845F7222DAF2B003141C1 /* AppDelegate.swift in Sources */ = {isa = PBXBuildFile; fileRef = ACA845F6222DAF2B003141C1 /* AppDelegate.swift */; };
		ACA845F9222DAF2D003141C1 /* Assets.xcassets in Resources */ = {isa = PBXBuildFile; fileRef = ACA845F8222DAF2D003141C1 /* Assets.xcassets */; };
		ACA845FC222DAF2D003141C1 /* MainMenu.xib in Resources */ = {isa = PBXBuildFile; fileRef = ACA845FA222DAF2D003141C1 /* MainMenu.xib */; };
		ACA84608222DAF2E003141C1 /* SwapTests.swift in Sources */ = {isa = PBXBuildFile; fileRef = ACA84607222DAF2E003141C1 /* SwapTests.swift */; };
		ACA84613222DAF42003141C1 /* Swap.swift in Sources */ = {isa = PBXBuildFile; fileRef = ACA84612222DAF42003141C1 /* Swap.swift */; };
/* End PBXBuildFile section */

/* Begin PBXContainerItemProxy section */
		ACA84604222DAF2E003141C1 /* PBXContainerItemProxy */ = {
			isa = PBXContainerItemProxy;
			containerPortal = ACA845EB222DAF2B003141C1 /* Project object */;
			proxyType = 1;
			remoteGlobalIDString = ACA845F2222DAF2B003141C1;
			remoteInfo = Swap;
		};
/* End PBXContainerItemProxy section */

/* Begin PBXFileReference section */
		ACA845F3222DAF2B003141C1 /* Swap.app */ = {isa = PBXFileReference; explicitFileType = wrapper.application; includeInIndex = 0; path = Swap.app; sourceTree = BUILT_PRODUCTS_DIR; };
		ACA845F6222DAF2B003141C1 /* AppDelegate.swift */ = {isa = PBXFileReference; lastKnownFileType = sourcecode.swift; path = AppDelegate.swift; sourceTree = "<group>"; };
		ACA845F8222DAF2D003141C1 /* Assets.xcassets */ = {isa = PBXFileReference; lastKnownFileType = folder.assetcatalog; path = Assets.xcassets; sourceTree = "<group>"; };
		ACA845FB222DAF2D003141C1 /* Base */ = {isa = PBXFileReference; lastKnownFileType = file.xib; name = Base; path = Base.lproj/MainMenu.xib; sourceTree = "<group>"; };
		ACA845FD222DAF2D003141C1 /* Info.plist */ = {isa = PBXFileReference; lastKnownFileType = text.plist.xml; path = Info.plist; sourceTree = "<group>"; };
		ACA845FE222DAF2D003141C1 /* Swap.entitlements */ = {isa = PBXFileReference; lastKnownFileType = text.plist.entitlements; path = Swap.entitlements; sourceTree = "<group>"; };
		ACA84603222DAF2E003141C1 /* SwapTests.xctest */ = {isa = PBXFileReference; explicitFileType = wrapper.cfbundle; includeInIndex = 0; path = SwapTests.xctest; sourceTree = BUILT_PRODUCTS_DIR; };
		ACA84607222DAF2E003141C1 /* SwapTests.swift */ = {isa = PBXFileReference; lastKnownFileType = sourcecode.swift; path = SwapTests.swift; sourceTree = "<group>"; };
		ACA84609222DAF2E003141C1 /* Info.plist */ = {isa = PBXFileReference; lastKnownFileType = text.plist.xml; path = Info.plist; sourceTree = "<group>"; };
		ACA84612222DAF42003141C1 /* Swap.swift */ = {isa = PBXFileReference; lastKnownFileType = sourcecode.swift; path = Swap.swift; sourceTree = "<group>"; };
/* End PBXFileReference section */

/* Begin PBXFrameworksBuildPhase section */
		ACA845F0222DAF2B003141C1 /* Frameworks */ = {
			isa = PBXFrameworksBuildPhase;
			buildActionMask = 2147483647;
			files = (
			);
			runOnlyForDeploymentPostprocessing = 0;
		};
		ACA84600222DAF2E003141C1 /* Frameworks */ = {
			isa = PBXFrameworksBuildPhase;
			buildActionMask = 2147483647;
			files = (
			);
			runOnlyForDeploymentPostprocessing = 0;
		};
/* End PBXFrameworksBuildPhase section */

/* Begin PBXGroup section */
		ACA845EA222DAF2B003141C1 = {
			isa = PBXGroup;
			children = (
				ACA845F5222DAF2B003141C1 /* Swap */,
				ACA84606222DAF2E003141C1 /* SwapTests */,
				ACA845F4222DAF2B003141C1 /* Products */,
			);
			sourceTree = "<group>";
		};
		ACA845F4222DAF2B003141C1 /* Products */ = {
			isa = PBXGroup;
			children = (
				ACA845F3222DAF2B003141C1 /* Swap.app */,
				ACA84603222DAF2E003141C1 /* SwapTests.xctest */,
			);
			name = Products;
			sourceTree = "<group>";
		};
		ACA845F5222DAF2B003141C1 /* Swap */ = {
			isa = PBXGroup;
			children = (
				ACA845F6222DAF2B003141C1 /* AppDelegate.swift */,
				ACA845F8222DAF2D003141C1 /* Assets.xcassets */,
				ACA845FA222DAF2D003141C1 /* MainMenu.xib */,
				ACA845FD222DAF2D003141C1 /* Info.plist */,
				ACA845FE222DAF2D003141C1 /* Swap.entitlements */,
				ACA84612222DAF42003141C1 /* Swap.swift */,
			);
			path = Swap;
			sourceTree = "<group>";
		};
		ACA84606222DAF2E003141C1 /* SwapTests */ = {
			isa = PBXGroup;
			children = (
				ACA84607222DAF2E003141C1 /* SwapTests.swift */,
				ACA84609222DAF2E003141C1 /* Info.plist */,
			);
			path = SwapTests;
			sourceTree = "<group>";
		};
/* End PBXGroup section */

/* Begin PBXNativeTarget section */
		ACA845F2222DAF2B003141C1 /* Swap */ = {
			isa = PBXNativeTarget;
			buildConfigurationList = ACA8460C222DAF2E003141C1 /* Build configuration list for PBXNativeTarget "Swap" */;
			buildPhases = (
				ACA845EF222DAF2B003141C1 /* Sources */,
				ACA845F0222DAF2B003141C1 /* Frameworks */,
				ACA845F1222DAF2B003141C1 /* Resources */,
			);
			buildRules = (
			);
			dependencies = (
			);
			name = Swap;
			productName = Swap;
			productReference = ACA845F3222DAF2B003141C1 /* Swap.app */;
			productType = "com.apple.product-type.application";
		};
		ACA84602222DAF2E003141C1 /* SwapTests */ = {
			isa = PBXNativeTarget;
			buildConfigurationList = ACA8460F222DAF2E003141C1 /* Build configuration list for PBXNativeTarget "SwapTests" */;
			buildPhases = (
				ACA845FF222DAF2E003141C1 /* Sources */,
				ACA84600222DAF2E003141C1 /* Frameworks */,
				ACA84601222DAF2E003141C1 /* Resources */,
			);
			buildRules = (
			);
			dependencies = (
				ACA84605222DAF2E003141C1 /* PBXTargetDependency */,
			);
			name = SwapTests;
			productName = SwapTests;
			productReference = ACA84603222DAF2E003141C1 /* SwapTests.xctest */;
			productType = "com.apple.product-type.bundle.unit-test";
		};
/* End PBXNativeTarget section */

/* Begin PBXProject section */
		ACA845EB222DAF2B003141C1 /* Project object */ = {
			isa = PBXProject;
			attributes = {
				LastSwiftUpdateCheck = 1010;
				LastUpgradeCheck = 1010;
				ORGANIZATIONNAME = 3;
				TargetAttributes = {
					ACA845F2222DAF2B003141C1 = {
						CreatedOnToolsVersion = 10.1;
					};
					ACA84602222DAF2E003141C1 = {
						CreatedOnToolsVersion = 10.1;
						TestTargetID = ACA845F2222DAF2B003141C1;
					};
				};
			};
			buildConfigurationList = ACA845EE222DAF2B003141C1 /* Build configuration list for PBXProject "Swap" */;
			compatibilityVersion = "Xcode 9.3";
			developmentRegion = en;
			hasScannedForEncodings = 0;
			knownRegions = (
				en,
				Base,
			);
			mainGroup = ACA845EA222DAF2B003141C1;
			productRefGroup = ACA845F4222DAF2B003141C1 /* Products */;
			projectDirPath = "";
			projectRoot = "";
			targets = (
				ACA845F2222DAF2B003141C1 /* Swap */,
				ACA84602222DAF2E003141C1 /* SwapTests */,
			);
		};
/* End PBXProject section */

/* Begin PBXResourcesBuildPhase section */
		ACA845F1222DAF2B003141C1 /* Resources */ = {
			isa = PBXResourcesBuildPhase;
			buildActionMask = 2147483647;
			files = (
				ACA845F9222DAF2D003141C1 /* Assets.xcassets in Resources */,
				ACA845FC222DAF2D003141C1 /* MainMenu.xib in Resources */,
			);
			runOnlyForDeploymentPostprocessing = 0;
		};
		ACA84601222DAF2E003141C1 /* Resources */ = {
			isa = PBXResourcesBuildPhase;
			buildActionMask = 2147483647;
			files = (
			);
			runOnlyForDeploymentPostprocessing = 0;
		};
/* End PBXResourcesBuildPhase section */

/* Begin PBXSourcesBuildPhase section */
		ACA845EF222DAF2B003141C1 /* Sources */ = {
			isa = PBXSourcesBuildPhase;
			buildActionMask = 2147483647;
			files = (
				ACA84613222DAF42003141C1 /* Swap.swift in Sources */,
				ACA845F7222DAF2B003141C1 /* AppDelegate.swift in Sources */,
			);
			runOnlyForDeploymentPostprocessing = 0;
		};
		ACA845FF222DAF2E003141C1 /* Sources */ = {
			isa = PBXSourcesBuildPhase;
			buildActionMask = 2147483647;
			files = (
				ACA84608222DAF2E003141C1 /* SwapTests.swift in Sources */,
			);
			runOnlyForDeploymentPostprocessing = 0;
		};
/* End PBXSourcesBuildPhase section */

/* Begin PBXTargetDependency section */
		ACA84605222DAF2E003141C1 /* PBXTargetDependency */ = {
			isa = PBXTargetDependency;
			target = ACA845F2222DAF2B003141C1 /* Swap */;
			targetProxy = ACA84604222DAF2E003141C1 /* PBXContainerItemProxy */;
		};
/* End PBXTargetDependency section */

/* Begin PBXVariantGroup section */
		ACA845FA222DAF2D003141C1 /* MainMenu.xib */ = {
			isa = PBXVariantGroup;
			children = (
				ACA845FB222DAF2D003141C1 /* Base */,
			);
			name = MainMenu.xib;
			sourceTree = "<group>";
		};
/* End PBXVariantGroup section */

/* Begin XCBuildConfiguration section */
		ACA8460A222DAF2E003141C1 /* Debug */ = {
			isa = XCBuildConfiguration;
			buildSettings = {
				ALWAYS_SEARCH_USER_PATHS = NO;
				CLANG_ANALYZER_NONNULL = YES;
				CLANG_ANALYZER_NUMBER_OBJECT_CONVERSION = YES_AGGRESSIVE;
				CLANG_CXX_LANGUAGE_STANDARD = "gnu++14";
				CLANG_CXX_LIBRARY = "libc++";
				CLANG_ENABLE_MODULES = YES;
				CLANG_ENABLE_OBJC_ARC = YES;
				CLANG_ENABLE_OBJC_WEAK = YES;
				CLANG_WARN_BLOCK_CAPTURE_AUTORELEASING = YES;
				CLANG_WARN_BOOL_CONVERSION = YES;
				CLANG_WARN_COMMA = YES;
				CLANG_WARN_CONSTANT_CONVERSION = YES;
				CLANG_WARN_DEPRECATED_OBJC_IMPLEMENTATIONS = YES;
				CLANG_WARN_DIRECT_OBJC_ISA_USAGE = YES_ERROR;
				CLANG_WARN_DOCUMENTATION_COMMENTS = YES;
				CLANG_WARN_EMPTY_BODY = YES;
				CLANG_WARN_ENUM_CONVERSION = YES;
				CLANG_WARN_INFINITE_RECURSION = YES;
				CLANG_WARN_INT_CONVERSION = YES;
				CLANG_WARN_NON_LITERAL_NULL_CONVERSION = YES;
				CLANG_WARN_OBJC_IMPLICIT_RETAIN_SELF = YES;
				CLANG_WARN_OBJC_LITERAL_CONVERSION = YES;
				CLANG_WARN_OBJC_ROOT_CLASS = YES_ERROR;
				CLANG_WARN_RANGE_LOOP_ANALYSIS = YES;
				CLANG_WARN_STRICT_PROTOTYPES = YES;
				CLANG_WARN_SUSPICIOUS_MOVE = YES;
				CLANG_WARN_UNGUARDED_AVAILABILITY = YES_AGGRESSIVE;
				CLANG_WARN_UNREACHABLE_CODE = YES;
				CLANG_WARN__DUPLICATE_METHOD_MATCH = YES;
				CODE_SIGN_IDENTITY = "-";
				COPY_PHASE_STRIP = NO;
				DEBUG_INFORMATION_FORMAT = dwarf;
				ENABLE_STRICT_OBJC_MSGSEND = YES;
				ENABLE_TESTABILITY = YES;
				GCC_C_LANGUAGE_STANDARD = gnu11;
				GCC_DYNAMIC_NO_PIC = NO;
				GCC_NO_COMMON_BLOCKS = YES;
				GCC_OPTIMIZATION_LEVEL = 0;
				GCC_PREPROCESSOR_DEFINITIONS = (
					"DEBUG=1",
					"$(inherited)",
				);
				GCC_WARN_64_TO_32_BIT_CONVERSION = YES;
				GCC_WARN_ABOUT_RETURN_TYPE = YES_ERROR;
				GCC_WARN_UNDECLARED_SELECTOR = YES;
				GCC_WARN_UNINITIALIZED_AUTOS = YES_AGGRESSIVE;
				GCC_WARN_UNUSED_FUNCTION = YES;
				GCC_WARN_UNUSED_VARIABLE = YES;
				MACOSX_DEPLOYMENT_TARGET = 10.13;
				MTL_ENABLE_DEBUG_INFO = INCLUDE_SOURCE;
				MTL_FAST_MATH = YES;
				ONLY_ACTIVE_ARCH = YES;
				SDKROOT = macosx;
				SWIFT_ACTIVE_COMPILATION_CONDITIONS = DEBUG;
				SWIFT_OPTIMIZATION_LEVEL = "-Onone";
			};
			name = Debug;
		};
		ACA8460B222DAF2E003141C1 /* Release */ = {
			isa = XCBuildConfiguration;
			buildSettings = {
				ALWAYS_SEARCH_USER_PATHS = NO;
				CLANG_ANALYZER_NONNULL = YES;
				CLANG_ANALYZER_NUMBER_OBJECT_CONVERSION = YES_AGGRESSIVE;
				CLANG_CXX_LANGUAGE_STANDARD = "gnu++14";
				CLANG_CXX_LIBRARY = "libc++";
				CLANG_ENABLE_MODULES = YES;
				CLANG_ENABLE_OBJC_ARC = YES;
				CLANG_ENABLE_OBJC_WEAK = YES;
				CLANG_WARN_BLOCK_CAPTURE_AUTORELEASING = YES;
				CLANG_WARN_BOOL_CONVERSION = YES;
				CLANG_WARN_COMMA = YES;
				CLANG_WARN_CONSTANT_CONVERSION = YES;
				CLANG_WARN_DEPRECATED_OBJC_IMPLEMENTATIONS = YES;
				CLANG_WARN_DIRECT_OBJC_ISA_USAGE = YES_ERROR;
				CLANG_WARN_DOCUMENTATION_COMMENTS = YES;
				CLANG_WARN_EMPTY_BODY = YES;
				CLANG_WARN_ENUM_CONVERSION = YES;
				CLANG_WARN_INFINITE_RECURSION = YES;
				CLANG_WARN_INT_CONVERSION = YES;
				CLANG_WARN_NON_LITERAL_NULL_CONVERSION = YES;
				CLANG_WARN_OBJC_IMPLICIT_RETAIN_SELF = YES;
				CLANG_WARN_OBJC_LITERAL_CONVERSION = YES;
				CLANG_WARN_OBJC_ROOT_CLASS = YES_ERROR;
				CLANG_WARN_RANGE_LOOP_ANALYSIS = YES;
				CLANG_WARN_STRICT_PROTOTYPES = YES;
				CLANG_WARN_SUSPICIOUS_MOVE = YES;
				CLANG_WARN_UNGUARDED_AVAILABILITY = YES_AGGRESSIVE;
				CLANG_WARN_UNREACHABLE_CODE = YES;
				CLANG_WARN__DUPLICATE_METHOD_MATCH = YES;
				CODE_SIGN_IDENTITY = "-";
				COPY_PHASE_STRIP = NO;
				DEBUG_INFORMATION_FORMAT = "dwarf-with-dsym";
				ENABLE_NS_ASSERTIONS = NO;
				ENABLE_STRICT_OBJC_MSGSEND = YES;
				GCC_C_LANGUAGE_STANDARD = gnu11;
				GCC_NO_COMMON_BLOCKS = YES;
				GCC_WARN_64_TO_32_BIT_CONVERSION = YES;
				GCC_WARN_ABOUT_RETURN_TYPE = YES_ERROR;
				GCC_WARN_UNDECLARED_SELECTOR = YES;
				GCC_WARN_UNINITIALIZED_AUTOS = YES_AGGRESSIVE;
				GCC_WARN_UNUSED_FUNCTION = YES;
				GCC_WARN_UNUSED_VARIABLE = YES;
				MACOSX_DEPLOYMENT_TARGET = 10.13;
				MTL_ENABLE_DEBUG_INFO = NO;
				MTL_FAST_MATH = YES;
				SDKROOT = macosx;
				SWIFT_COMPILATION_MODE = wholemodule;
				SWIFT_OPTIMIZATION_LEVEL = "-O";
			};
			name = Release;
		};
		ACA8460D222DAF2E003141C1 /* Debug */ = {
			isa = XCBuildConfiguration;
			buildSettings = {
				ASSETCATALOG_COMPILER_APPICON_NAME = AppIcon;
				CODE_SIGN_ENTITLEMENTS = Swap/Swap.entitlements;
				CODE_SIGN_STYLE = Automatic;
				COMBINE_HIDPI_IMAGES = YES;
				INFOPLIST_FILE = Swap/Info.plist;
				LD_RUNPATH_SEARCH_PATHS = (
					"$(inherited)",
					"@executable_path/../Frameworks",
				);
				PRODUCT_BUNDLE_IDENTIFIER = org.ipa.mobile.Swap;
				PRODUCT_NAME = "$(TARGET_NAME)";
				SWIFT_VERSION = 4.2;
			};
			name = Debug;
		};
		ACA8460E222DAF2E003141C1 /* Release */ = {
			isa = XCBuildConfiguration;
			buildSettings = {
				ASSETCATALOG_COMPILER_APPICON_NAME = AppIcon;
				CODE_SIGN_ENTITLEMENTS = Swap/Swap.entitlements;
				CODE_SIGN_STYLE = Automatic;
				COMBINE_HIDPI_IMAGES = YES;
				INFOPLIST_FILE = Swap/Info.plist;
				LD_RUNPATH_SEARCH_PATHS = (
					"$(inherited)",
					"@executable_path/../Frameworks",
				);
				PRODUCT_BUNDLE_IDENTIFIER = org.ipa.mobile.Swap;
				PRODUCT_NAME = "$(TARGET_NAME)";
				SWIFT_VERSION = 4.2;
			};
			name = Release;
		};
		ACA84610222DAF2E003141C1 /* Debug */ = {
			isa = XCBuildConfiguration;
			buildSettings = {
				ALWAYS_EMBED_SWIFT_STANDARD_LIBRARIES = YES;
				BUNDLE_LOADER = "$(TEST_HOST)";
				CODE_SIGN_STYLE = Automatic;
				COMBINE_HIDPI_IMAGES = YES;
				INFOPLIST_FILE = SwapTests/Info.plist;
				LD_RUNPATH_SEARCH_PATHS = (
					"$(inherited)",
					"@executable_path/../Frameworks",
					"@loader_path/../Frameworks",
				);
				PRODUCT_BUNDLE_IDENTIFIER = org.ipa.mobile.SwapTests;
				PRODUCT_NAME = "$(TARGET_NAME)";
				SWIFT_VERSION = 4.2;
				TEST_HOST = "$(BUILT_PRODUCTS_DIR)/Swap.app/Contents/MacOS/Swap";
			};
			name = Debug;
		};
		ACA84611222DAF2E003141C1 /* Release */ = {
			isa = XCBuildConfiguration;
			buildSettings = {
				ALWAYS_EMBED_SWIFT_STANDARD_LIBRARIES = YES;
				BUNDLE_LOADER = "$(TEST_HOST)";
				CODE_SIGN_STYLE = Automatic;
				COMBINE_HIDPI_IMAGES = YES;
				INFOPLIST_FILE = SwapTests/Info.plist;
				LD_RUNPATH_SEARCH_PATHS = (
					"$(inherited)",
					"@executable_path/../Frameworks",
					"@loader_path/../Frameworks",
				);
				PRODUCT_BUNDLE_IDENTIFIER = org.ipa.mobile.SwapTests;
				PRODUCT_NAME = "$(TARGET_NAME)";
				SWIFT_VERSION = 4.2;
				TEST_HOST = "$(BUILT_PRODUCTS_DIR)/Swap.app/Contents/MacOS/Swap";
			};
			name = Release;
		};
/* End XCBuildConfiguration section */

/* Begin XCConfigurationList section */
		ACA845EE222DAF2B003141C1 /* Build configuration list for PBXProject "Swap" */ = {
			isa = XCConfigurationList;
			buildConfigurations = (
				ACA8460A222DAF2E003141C1 /* Debug */,
				ACA8460B222DAF2E003141C1 /* Release */,
			);
			defaultConfigurationIsVisible = 0;
			defaultConfigurationName = Release;
		};
		ACA8460C222DAF2E003141C1 /* Build configuration list for PBXNativeTarget "Swap" */ = {
			isa = XCConfigurationList;
			buildConfigurations = (
				ACA8460D222DAF2E003141C1 /* Debug */,
				ACA8460E222DAF2E003141C1 /* Release */,
			);
			defaultConfigurationIsVisible = 0;
			defaultConfigurationName = Release;
		};
		ACA8460F222DAF2E003141C1 /* Build configuration list for PBXNativeTarget "SwapTests" */ = {
			isa = XCConfigurationList;
			buildConfigurations = (
				ACA84610222DAF2E003141C1 /* Debug */,
				ACA84611222DAF2E003141C1 /* Release */,
			);
			defaultConfigurationIsVisible = 0;
			defaultConfigurationName = Release;
		};
/* End XCConfigurationList section */
	};
	rootObject = ACA845EB222DAF2B003141C1 /* Project object */;
}
