// !$*UTF8*$!
{
	archiveVersion = 1;
	classes = {
	};
	objectVersion = 50;
	objects = {

/* Begin PBXBuildFile section */
		AC9B231E2173B9DB00B25859 /* AppDelegate.swift in Sources */ = {isa = PBXBuildFile; fileRef = AC9B231D2173B9DB00B25859 /* AppDelegate.swift */; };
		AC9B23202173B9DD00B25859 /* Assets.xcassets in Resources */ = {isa = PBXBuildFile; fileRef = AC9B231F2173B9DD00B25859 /* Assets.xcassets */; };
		AC9B23232173B9DD00B25859 /* MainMenu.xib in Resources */ = {isa = PBXBuildFile; fileRef = AC9B23212173B9DD00B25859 /* MainMenu.xib */; };
		AC9B232F2173B9DE00B25859 /* isLeapYearTests.swift in Sources */ = {isa = PBXBuildFile; fileRef = AC9B232E2173B9DE00B25859 /* isLeapYearTests.swift */; };
		AC9B233A2173BA0000B25859 /* NumericExtension.swift in Sources */ = {isa = PBXBuildFile; fileRef = AC9B23392173BA0000B25859 /* NumericExtension.swift */; };
/* End PBXBuildFile section */

/* Begin PBXContainerItemProxy section */
		AC9B232B2173B9DD00B25859 /* PBXContainerItemProxy */ = {
			isa = PBXContainerItemProxy;
			containerPortal = AC9B23122173B9DB00B25859 /* Project object */;
			proxyType = 1;
			remoteGlobalIDString = AC9B23192173B9DB00B25859;
			remoteInfo = isLeapYear;
		};
/* End PBXContainerItemProxy section */

/* Begin PBXFileReference section */
		AC9B231A2173B9DB00B25859 /* isLeapYear.app */ = {isa = PBXFileReference; explicitFileType = wrapper.application; includeInIndex = 0; path = isLeapYear.app; sourceTree = BUILT_PRODUCTS_DIR; };
		AC9B231D2173B9DB00B25859 /* AppDelegate.swift */ = {isa = PBXFileReference; lastKnownFileType = sourcecode.swift; path = AppDelegate.swift; sourceTree = "<group>"; };
		AC9B231F2173B9DD00B25859 /* Assets.xcassets */ = {isa = PBXFileReference; lastKnownFileType = folder.assetcatalog; path = Assets.xcassets; sourceTree = "<group>"; };
		AC9B23222173B9DD00B25859 /* Base */ = {isa = PBXFileReference; lastKnownFileType = file.xib; name = Base; path = Base.lproj/MainMenu.xib; sourceTree = "<group>"; };
		AC9B23242173B9DD00B25859 /* Info.plist */ = {isa = PBXFileReference; lastKnownFileType = text.plist.xml; path = Info.plist; sourceTree = "<group>"; };
		AC9B23252173B9DD00B25859 /* isLeapYear.entitlements */ = {isa = PBXFileReference; lastKnownFileType = text.plist.entitlements; path = isLeapYear.entitlements; sourceTree = "<group>"; };
		AC9B232A2173B9DD00B25859 /* isLeapYearTests.xctest */ = {isa = PBXFileReference; explicitFileType = wrapper.cfbundle; includeInIndex = 0; path = isLeapYearTests.xctest; sourceTree = BUILT_PRODUCTS_DIR; };
		AC9B232E2173B9DE00B25859 /* isLeapYearTests.swift */ = {isa = PBXFileReference; lastKnownFileType = sourcecode.swift; path = isLeapYearTests.swift; sourceTree = "<group>"; };
		AC9B23302173B9DE00B25859 /* Info.plist */ = {isa = PBXFileReference; lastKnownFileType = text.plist.xml; path = Info.plist; sourceTree = "<group>"; };
		AC9B23392173BA0000B25859 /* NumericExtension.swift */ = {isa = PBXFileReference; lastKnownFileType = sourcecode.swift; path = NumericExtension.swift; sourceTree = "<group>"; };
/* End PBXFileReference section */

/* Begin PBXFrameworksBuildPhase section */
		AC9B23172173B9DB00B25859 /* Frameworks */ = {
			isa = PBXFrameworksBuildPhase;
			buildActionMask = 2147483647;
			files = (
			);
			runOnlyForDeploymentPostprocessing = 0;
		};
		AC9B23272173B9DD00B25859 /* Frameworks */ = {
			isa = PBXFrameworksBuildPhase;
			buildActionMask = 2147483647;
			files = (
			);
			runOnlyForDeploymentPostprocessing = 0;
		};
/* End PBXFrameworksBuildPhase section */

/* Begin PBXGroup section */
		AC9B23112173B9DB00B25859 = {
			isa = PBXGroup;
			children = (
				AC9B231C2173B9DB00B25859 /* isLeapYear */,
				AC9B232D2173B9DE00B25859 /* isLeapYearTests */,
				AC9B231B2173B9DB00B25859 /* Products */,
			);
			sourceTree = "<group>";
		};
		AC9B231B2173B9DB00B25859 /* Products */ = {
			isa = PBXGroup;
			children = (
				AC9B231A2173B9DB00B25859 /* isLeapYear.app */,
				AC9B232A2173B9DD00B25859 /* isLeapYearTests.xctest */,
			);
			name = Products;
			sourceTree = "<group>";
		};
		AC9B231C2173B9DB00B25859 /* isLeapYear */ = {
			isa = PBXGroup;
			children = (
				AC9B231D2173B9DB00B25859 /* AppDelegate.swift */,
				AC9B231F2173B9DD00B25859 /* Assets.xcassets */,
				AC9B23212173B9DD00B25859 /* MainMenu.xib */,
				AC9B23242173B9DD00B25859 /* Info.plist */,
				AC9B23252173B9DD00B25859 /* isLeapYear.entitlements */,
				AC9B23392173BA0000B25859 /* NumericExtension.swift */,
			);
			path = isLeapYear;
			sourceTree = "<group>";
		};
		AC9B232D2173B9DE00B25859 /* isLeapYearTests */ = {
			isa = PBXGroup;
			children = (
				AC9B232E2173B9DE00B25859 /* isLeapYearTests.swift */,
				AC9B23302173B9DE00B25859 /* Info.plist */,
			);
			path = isLeapYearTests;
			sourceTree = "<group>";
		};
/* End PBXGroup section */

/* Begin PBXNativeTarget section */
		AC9B23192173B9DB00B25859 /* isLeapYear */ = {
			isa = PBXNativeTarget;
			buildConfigurationList = AC9B23332173B9DE00B25859 /* Build configuration list for PBXNativeTarget "isLeapYear" */;
			buildPhases = (
				AC9B23162173B9DB00B25859 /* Sources */,
				AC9B23172173B9DB00B25859 /* Frameworks */,
				AC9B23182173B9DB00B25859 /* Resources */,
			);
			buildRules = (
			);
			dependencies = (
			);
			name = isLeapYear;
			productName = isLeapYear;
			productReference = AC9B231A2173B9DB00B25859 /* isLeapYear.app */;
			productType = "com.apple.product-type.application";
		};
		AC9B23292173B9DD00B25859 /* isLeapYearTests */ = {
			isa = PBXNativeTarget;
			buildConfigurationList = AC9B23362173B9DE00B25859 /* Build configuration list for PBXNativeTarget "isLeapYearTests" */;
			buildPhases = (
				AC9B23262173B9DD00B25859 /* Sources */,
				AC9B23272173B9DD00B25859 /* Frameworks */,
				AC9B23282173B9DD00B25859 /* Resources */,
			);
			buildRules = (
			);
			dependencies = (
				AC9B232C2173B9DD00B25859 /* PBXTargetDependency */,
			);
			name = isLeapYearTests;
			productName = isLeapYearTests;
			productReference = AC9B232A2173B9DD00B25859 /* isLeapYearTests.xctest */;
			productType = "com.apple.product-type.bundle.unit-test";
		};
/* End PBXNativeTarget section */

/* Begin PBXProject section */
		AC9B23122173B9DB00B25859 /* Project object */ = {
			isa = PBXProject;
			attributes = {
				LastSwiftUpdateCheck = 1000;
				LastUpgradeCheck = 1000;
				ORGANIZATIONNAME = 3;
				TargetAttributes = {
					AC9B23192173B9DB00B25859 = {
						CreatedOnToolsVersion = 10.0;
					};
					AC9B23292173B9DD00B25859 = {
						CreatedOnToolsVersion = 10.0;
						TestTargetID = AC9B23192173B9DB00B25859;
					};
				};
			};
			buildConfigurationList = AC9B23152173B9DB00B25859 /* Build configuration list for PBXProject "isLeapYear" */;
			compatibilityVersion = "Xcode 9.3";
			developmentRegion = en;
			hasScannedForEncodings = 0;
			knownRegions = (
				en,
				Base,
			);
			mainGroup = AC9B23112173B9DB00B25859;
			productRefGroup = AC9B231B2173B9DB00B25859 /* Products */;
			projectDirPath = "";
			projectRoot = "";
			targets = (
				AC9B23192173B9DB00B25859 /* isLeapYear */,
				AC9B23292173B9DD00B25859 /* isLeapYearTests */,
			);
		};
/* End PBXProject section */

/* Begin PBXResourcesBuildPhase section */
		AC9B23182173B9DB00B25859 /* Resources */ = {
			isa = PBXResourcesBuildPhase;
			buildActionMask = 2147483647;
			files = (
				AC9B23202173B9DD00B25859 /* Assets.xcassets in Resources */,
				AC9B23232173B9DD00B25859 /* MainMenu.xib in Resources */,
			);
			runOnlyForDeploymentPostprocessing = 0;
		};
		AC9B23282173B9DD00B25859 /* Resources */ = {
			isa = PBXResourcesBuildPhase;
			buildActionMask = 2147483647;
			files = (
			);
			runOnlyForDeploymentPostprocessing = 0;
		};
/* End PBXResourcesBuildPhase section */

/* Begin PBXSourcesBuildPhase section */
		AC9B23162173B9DB00B25859 /* Sources */ = {
			isa = PBXSourcesBuildPhase;
			buildActionMask = 2147483647;
			files = (
				AC9B231E2173B9DB00B25859 /* AppDelegate.swift in Sources */,
				AC9B233A2173BA0000B25859 /* NumericExtension.swift in Sources */,
			);
			runOnlyForDeploymentPostprocessing = 0;
		};
		AC9B23262173B9DD00B25859 /* Sources */ = {
			isa = PBXSourcesBuildPhase;
			buildActionMask = 2147483647;
			files = (
				AC9B232F2173B9DE00B25859 /* isLeapYearTests.swift in Sources */,
			);
			runOnlyForDeploymentPostprocessing = 0;
		};
/* End PBXSourcesBuildPhase section */

/* Begin PBXTargetDependency section */
		AC9B232C2173B9DD00B25859 /* PBXTargetDependency */ = {
			isa = PBXTargetDependency;
			target = AC9B23192173B9DB00B25859 /* isLeapYear */;
			targetProxy = AC9B232B2173B9DD00B25859 /* PBXContainerItemProxy */;
		};
/* End PBXTargetDependency section */

/* Begin PBXVariantGroup section */
		AC9B23212173B9DD00B25859 /* MainMenu.xib */ = {
			isa = PBXVariantGroup;
			children = (
				AC9B23222173B9DD00B25859 /* Base */,
			);
			name = MainMenu.xib;
			sourceTree = "<group>";
		};
/* End PBXVariantGroup section */

/* Begin XCBuildConfiguration section */
		AC9B23312173B9DE00B25859 /* Debug */ = {
			isa = XCBuildConfiguration;
			buildSettings = {
				ALWAYS_SEARCH_USER_PATHS = NO;
				CLANG_ANALYZER_NONNULL = YES;
				CLANG_ANALYZER_NUMBER_OBJECT_CONVERSION = YES_AGGRESSIVE;
				CLANG_CXX_LANGUAGE_STANDARD = "gnu++14";
				CLANG_CXX_LIBRARY = "libc++";
				CLANG_ENABLE_MODULES = YES;
				CLANG_ENABLE_OBJC_ARC = YES;
				CLANG_ENABLE_OBJC_WEAK = YES;
				CLANG_WARN_BLOCK_CAPTURE_AUTORELEASING = YES;
				CLANG_WARN_BOOL_CONVERSION = YES;
				CLANG_WARN_COMMA = YES;
				CLANG_WARN_CONSTANT_CONVERSION = YES;
				CLANG_WARN_DEPRECATED_OBJC_IMPLEMENTATIONS = YES;
				CLANG_WARN_DIRECT_OBJC_ISA_USAGE = YES_ERROR;
				CLANG_WARN_DOCUMENTATION_COMMENTS = YES;
				CLANG_WARN_EMPTY_BODY = YES;
				CLANG_WARN_ENUM_CONVERSION = YES;
				CLANG_WARN_INFINITE_RECURSION = YES;
				CLANG_WARN_INT_CONVERSION = YES;
				CLANG_WARN_NON_LITERAL_NULL_CONVERSION = YES;
				CLANG_WARN_OBJC_IMPLICIT_RETAIN_SELF = YES;
				CLANG_WARN_OBJC_LITERAL_CONVERSION = YES;
				CLANG_WARN_OBJC_ROOT_CLASS = YES_ERROR;
				CLANG_WARN_RANGE_LOOP_ANALYSIS = YES;
				CLANG_WARN_STRICT_PROTOTYPES = YES;
				CLANG_WARN_SUSPICIOUS_MOVE = YES;
				CLANG_WARN_UNGUARDED_AVAILABILITY = YES_AGGRESSIVE;
				CLANG_WARN_UNREACHABLE_CODE = YES;
				CLANG_WARN__DUPLICATE_METHOD_MATCH = YES;
				CODE_SIGN_IDENTITY = "Mac Developer";
				COPY_PHASE_STRIP = NO;
				DEBUG_INFORMATION_FORMAT = dwarf;
				ENABLE_STRICT_OBJC_MSGSEND = YES;
				ENABLE_TESTABILITY = YES;
				GCC_C_LANGUAGE_STANDARD = gnu11;
				GCC_DYNAMIC_NO_PIC = NO;
				GCC_NO_COMMON_BLOCKS = YES;
				GCC_OPTIMIZATION_LEVEL = 0;
				GCC_PREPROCESSOR_DEFINITIONS = (
					"DEBUG=1",
					"$(inherited)",
				);
				GCC_WARN_64_TO_32_BIT_CONVERSION = YES;
				GCC_WARN_ABOUT_RETURN_TYPE = YES_ERROR;
				GCC_WARN_UNDECLARED_SELECTOR = YES;
				GCC_WARN_UNINITIALIZED_AUTOS = YES_AGGRESSIVE;
				GCC_WARN_UNUSED_FUNCTION = YES;
				GCC_WARN_UNUSED_VARIABLE = YES;
				MACOSX_DEPLOYMENT_TARGET = 10.13;
				MTL_ENABLE_DEBUG_INFO = INCLUDE_SOURCE;
				MTL_FAST_MATH = YES;
				ONLY_ACTIVE_ARCH = YES;
				SDKROOT = macosx;
				SWIFT_ACTIVE_COMPILATION_CONDITIONS = DEBUG;
				SWIFT_OPTIMIZATION_LEVEL = "-Onone";
			};
			name = Debug;
		};
		AC9B23322173B9DE00B25859 /* Release */ = {
			isa = XCBuildConfiguration;
			buildSettings = {
				ALWAYS_SEARCH_USER_PATHS = NO;
				CLANG_ANALYZER_NONNULL = YES;
				CLANG_ANALYZER_NUMBER_OBJECT_CONVERSION = YES_AGGRESSIVE;
				CLANG_CXX_LANGUAGE_STANDARD = "gnu++14";
				CLANG_CXX_LIBRARY = "libc++";
				CLANG_ENABLE_MODULES = YES;
				CLANG_ENABLE_OBJC_ARC = YES;
				CLANG_ENABLE_OBJC_WEAK = YES;
				CLANG_WARN_BLOCK_CAPTURE_AUTORELEASING = YES;
				CLANG_WARN_BOOL_CONVERSION = YES;
				CLANG_WARN_COMMA = YES;
				CLANG_WARN_CONSTANT_CONVERSION = YES;
				CLANG_WARN_DEPRECATED_OBJC_IMPLEMENTATIONS = YES;
				CLANG_WARN_DIRECT_OBJC_ISA_USAGE = YES_ERROR;
				CLANG_WARN_DOCUMENTATION_COMMENTS = YES;
				CLANG_WARN_EMPTY_BODY = YES;
				CLANG_WARN_ENUM_CONVERSION = YES;
				CLANG_WARN_INFINITE_RECURSION = YES;
				CLANG_WARN_INT_CONVERSION = YES;
				CLANG_WARN_NON_LITERAL_NULL_CONVERSION = YES;
				CLANG_WARN_OBJC_IMPLICIT_RETAIN_SELF = YES;
				CLANG_WARN_OBJC_LITERAL_CONVERSION = YES;
				CLANG_WARN_OBJC_ROOT_CLASS = YES_ERROR;
				CLANG_WARN_RANGE_LOOP_ANALYSIS = YES;
				CLANG_WARN_STRICT_PROTOTYPES = YES;
				CLANG_WARN_SUSPICIOUS_MOVE = YES;
				CLANG_WARN_UNGUARDED_AVAILABILITY = YES_AGGRESSIVE;
				CLANG_WARN_UNREACHABLE_CODE = YES;
				CLANG_WARN__DUPLICATE_METHOD_MATCH = YES;
				CODE_SIGN_IDENTITY = "Mac Developer";
				COPY_PHASE_STRIP = NO;
				DEBUG_INFORMATION_FORMAT = "dwarf-with-dsym";
				ENABLE_NS_ASSERTIONS = NO;
				ENABLE_STRICT_OBJC_MSGSEND = YES;
				GCC_C_LANGUAGE_STANDARD = gnu11;
				GCC_NO_COMMON_BLOCKS = YES;
				GCC_WARN_64_TO_32_BIT_CONVERSION = YES;
				GCC_WARN_ABOUT_RETURN_TYPE = YES_ERROR;
				GCC_WARN_UNDECLARED_SELECTOR = YES;
				GCC_WARN_UNINITIALIZED_AUTOS = YES_AGGRESSIVE;
				GCC_WARN_UNUSED_FUNCTION = YES;
				GCC_WARN_UNUSED_VARIABLE = YES;
				MACOSX_DEPLOYMENT_TARGET = 10.13;
				MTL_ENABLE_DEBUG_INFO = NO;
				MTL_FAST_MATH = YES;
				SDKROOT = macosx;
				SWIFT_COMPILATION_MODE = wholemodule;
				SWIFT_OPTIMIZATION_LEVEL = "-O";
			};
			name = Release;
		};
		AC9B23342173B9DE00B25859 /* Debug */ = {
			isa = XCBuildConfiguration;
			buildSettings = {
				ASSETCATALOG_COMPILER_APPICON_NAME = AppIcon;
				CODE_SIGN_ENTITLEMENTS = isLeapYear/isLeapYear.entitlements;
				CODE_SIGN_STYLE = Automatic;
				COMBINE_HIDPI_IMAGES = YES;
				DEVELOPMENT_TEAM = E53J7FJ2ED;
				INFOPLIST_FILE = isLeapYear/Info.plist;
				LD_RUNPATH_SEARCH_PATHS = (
					"$(inherited)",
					"@executable_path/../Frameworks",
				);
				PRODUCT_BUNDLE_IDENTIFIER = org.ipa.mobile.isLeapYear;
				PRODUCT_NAME = "$(TARGET_NAME)";
				SWIFT_VERSION = 4.2;
			};
			name = Debug;
		};
		AC9B23352173B9DE00B25859 /* Release */ = {
			isa = XCBuildConfiguration;
			buildSettings = {
				ASSETCATALOG_COMPILER_APPICON_NAME = AppIcon;
				CODE_SIGN_ENTITLEMENTS = isLeapYear/isLeapYear.entitlements;
				CODE_SIGN_STYLE = Automatic;
				COMBINE_HIDPI_IMAGES = YES;
				DEVELOPMENT_TEAM = E53J7FJ2ED;
				INFOPLIST_FILE = isLeapYear/Info.plist;
				LD_RUNPATH_SEARCH_PATHS = (
					"$(inherited)",
					"@executable_path/../Frameworks",
				);
				PRODUCT_BUNDLE_IDENTIFIER = org.ipa.mobile.isLeapYear;
				PRODUCT_NAME = "$(TARGET_NAME)";
				SWIFT_VERSION = 4.2;
			};
			name = Release;
		};
		AC9B23372173B9DE00B25859 /* Debug */ = {
			isa = XCBuildConfiguration;
			buildSettings = {
				ALWAYS_EMBED_SWIFT_STANDARD_LIBRARIES = YES;
				BUNDLE_LOADER = "$(TEST_HOST)";
				CODE_SIGN_STYLE = Automatic;
				COMBINE_HIDPI_IMAGES = YES;
				DEVELOPMENT_TEAM = E53J7FJ2ED;
				INFOPLIST_FILE = isLeapYearTests/Info.plist;
				LD_RUNPATH_SEARCH_PATHS = (
					"$(inherited)",
					"@executable_path/../Frameworks",
					"@loader_path/../Frameworks",
				);
				PRODUCT_BUNDLE_IDENTIFIER = org.ipa.mobile.isLeapYearTests;
				PRODUCT_NAME = "$(TARGET_NAME)";
				SWIFT_VERSION = 4.2;
				TEST_HOST = "$(BUILT_PRODUCTS_DIR)/isLeapYear.app/Contents/MacOS/isLeapYear";
			};
			name = Debug;
		};
		AC9B23382173B9DE00B25859 /* Release */ = {
			isa = XCBuildConfiguration;
			buildSettings = {
				ALWAYS_EMBED_SWIFT_STANDARD_LIBRARIES = YES;
				BUNDLE_LOADER = "$(TEST_HOST)";
				CODE_SIGN_STYLE = Automatic;
				COMBINE_HIDPI_IMAGES = YES;
				DEVELOPMENT_TEAM = E53J7FJ2ED;
				INFOPLIST_FILE = isLeapYearTests/Info.plist;
				LD_RUNPATH_SEARCH_PATHS = (
					"$(inherited)",
					"@executable_path/../Frameworks",
					"@loader_path/../Frameworks",
				);
				PRODUCT_BUNDLE_IDENTIFIER = org.ipa.mobile.isLeapYearTests;
				PRODUCT_NAME = "$(TARGET_NAME)";
				SWIFT_VERSION = 4.2;
				TEST_HOST = "$(BUILT_PRODUCTS_DIR)/isLeapYear.app/Contents/MacOS/isLeapYear";
			};
			name = Release;
		};
/* End XCBuildConfiguration section */

/* Begin XCConfigurationList section */
		AC9B23152173B9DB00B25859 /* Build configuration list for PBXProject "isLeapYear" */ = {
			isa = XCConfigurationList;
			buildConfigurations = (
				AC9B23312173B9DE00B25859 /* Debug */,
				AC9B23322173B9DE00B25859 /* Release */,
			);
			defaultConfigurationIsVisible = 0;
			defaultConfigurationName = Release;
		};
		AC9B23332173B9DE00B25859 /* Build configuration list for PBXNativeTarget "isLeapYear" */ = {
			isa = XCConfigurationList;
			buildConfigurations = (
				AC9B23342173B9DE00B25859 /* Debug */,
				AC9B23352173B9DE00B25859 /* Release */,
			);
			defaultConfigurationIsVisible = 0;
			defaultConfigurationName = Release;
		};
		AC9B23362173B9DE00B25859 /* Build configuration list for PBXNativeTarget "isLeapYearTests" */ = {
			isa = XCConfigurationList;
			buildConfigurations = (
				AC9B23372173B9DE00B25859 /* Debug */,
				AC9B23382173B9DE00B25859 /* Release */,
			);
			defaultConfigurationIsVisible = 0;
			defaultConfigurationName = Release;
		};
/* End XCConfigurationList section */
	};
	rootObject = AC9B23122173B9DB00B25859 /* Project object */;
}
