// !$*UTF8*$!
{
	archiveVersion = 1;
	classes = {
	};
	objectVersion = 50;
	objects = {

/* Begin PBXBuildFile section */
		AC63FB12219A85D1008FF7CE /* AppDelegate.swift in Sources */ = {isa = PBXBuildFile; fileRef = AC63FB11219A85D1008FF7CE /* AppDelegate.swift */; };
		AC63FB14219A85D4008FF7CE /* Assets.xcassets in Resources */ = {isa = PBXBuildFile; fileRef = AC63FB13219A85D4008FF7CE /* Assets.xcassets */; };
		AC63FB17219A85D4008FF7CE /* MainMenu.xib in Resources */ = {isa = PBXBuildFile; fileRef = AC63FB15219A85D4008FF7CE /* MainMenu.xib */; };
		AC63FB23219A85D5008FF7CE /* AdapterTests.swift in Sources */ = {isa = PBXBuildFile; fileRef = AC63FB22219A85D5008FF7CE /* AdapterTests.swift */; };
		AC63FB2E219A860D008FF7CE /* Adapter.swift in Sources */ = {isa = PBXBuildFile; fileRef = AC63FB2D219A860D008FF7CE /* Adapter.swift */; };
/* End PBXBuildFile section */

/* Begin PBXContainerItemProxy section */
		AC63FB1F219A85D5008FF7CE /* PBXContainerItemProxy */ = {
			isa = PBXContainerItemProxy;
			containerPortal = AC63FB06219A85D1008FF7CE /* Project object */;
			proxyType = 1;
			remoteGlobalIDString = AC63FB0D219A85D1008FF7CE;
			remoteInfo = Adapter;
		};
/* End PBXContainerItemProxy section */

/* Begin PBXFileReference section */
		AC63FB0E219A85D1008FF7CE /* Adapter.app */ = {isa = PBXFileReference; explicitFileType = wrapper.application; includeInIndex = 0; path = Adapter.app; sourceTree = BUILT_PRODUCTS_DIR; };
		AC63FB11219A85D1008FF7CE /* AppDelegate.swift */ = {isa = PBXFileReference; lastKnownFileType = sourcecode.swift; path = AppDelegate.swift; sourceTree = "<group>"; };
		AC63FB13219A85D4008FF7CE /* Assets.xcassets */ = {isa = PBXFileReference; lastKnownFileType = folder.assetcatalog; path = Assets.xcassets; sourceTree = "<group>"; };
		AC63FB16219A85D4008FF7CE /* Base */ = {isa = PBXFileReference; lastKnownFileType = file.xib; name = Base; path = Base.lproj/MainMenu.xib; sourceTree = "<group>"; };
		AC63FB18219A85D4008FF7CE /* Info.plist */ = {isa = PBXFileReference; lastKnownFileType = text.plist.xml; path = Info.plist; sourceTree = "<group>"; };
		AC63FB19219A85D4008FF7CE /* Adapter.entitlements */ = {isa = PBXFileReference; lastKnownFileType = text.plist.entitlements; path = Adapter.entitlements; sourceTree = "<group>"; };
		AC63FB1E219A85D5008FF7CE /* AdapterTests.xctest */ = {isa = PBXFileReference; explicitFileType = wrapper.cfbundle; includeInIndex = 0; path = AdapterTests.xctest; sourceTree = BUILT_PRODUCTS_DIR; };
		AC63FB22219A85D5008FF7CE /* AdapterTests.swift */ = {isa = PBXFileReference; lastKnownFileType = sourcecode.swift; path = AdapterTests.swift; sourceTree = "<group>"; };
		AC63FB24219A85D5008FF7CE /* Info.plist */ = {isa = PBXFileReference; lastKnownFileType = text.plist.xml; path = Info.plist; sourceTree = "<group>"; };
		AC63FB2D219A860D008FF7CE /* Adapter.swift */ = {isa = PBXFileReference; lastKnownFileType = sourcecode.swift; path = Adapter.swift; sourceTree = "<group>"; };
/* End PBXFileReference section */

/* Begin PBXFrameworksBuildPhase section */
		AC63FB0B219A85D1008FF7CE /* Frameworks */ = {
			isa = PBXFrameworksBuildPhase;
			buildActionMask = 2147483647;
			files = (
			);
			runOnlyForDeploymentPostprocessing = 0;
		};
		AC63FB1B219A85D5008FF7CE /* Frameworks */ = {
			isa = PBXFrameworksBuildPhase;
			buildActionMask = 2147483647;
			files = (
			);
			runOnlyForDeploymentPostprocessing = 0;
		};
/* End PBXFrameworksBuildPhase section */

/* Begin PBXGroup section */
		AC63FB05219A85D1008FF7CE = {
			isa = PBXGroup;
			children = (
				AC63FB10219A85D1008FF7CE /* Adapter */,
				AC63FB21219A85D5008FF7CE /* AdapterTests */,
				AC63FB0F219A85D1008FF7CE /* Products */,
			);
			sourceTree = "<group>";
		};
		AC63FB0F219A85D1008FF7CE /* Products */ = {
			isa = PBXGroup;
			children = (
				AC63FB0E219A85D1008FF7CE /* Adapter.app */,
				AC63FB1E219A85D5008FF7CE /* AdapterTests.xctest */,
			);
			name = Products;
			sourceTree = "<group>";
		};
		AC63FB10219A85D1008FF7CE /* Adapter */ = {
			isa = PBXGroup;
			children = (
				AC63FB11219A85D1008FF7CE /* AppDelegate.swift */,
				AC63FB13219A85D4008FF7CE /* Assets.xcassets */,
				AC63FB15219A85D4008FF7CE /* MainMenu.xib */,
				AC63FB18219A85D4008FF7CE /* Info.plist */,
				AC63FB19219A85D4008FF7CE /* Adapter.entitlements */,
				AC63FB2D219A860D008FF7CE /* Adapter.swift */,
			);
			path = Adapter;
			sourceTree = "<group>";
		};
		AC63FB21219A85D5008FF7CE /* AdapterTests */ = {
			isa = PBXGroup;
			children = (
				AC63FB22219A85D5008FF7CE /* AdapterTests.swift */,
				AC63FB24219A85D5008FF7CE /* Info.plist */,
			);
			path = AdapterTests;
			sourceTree = "<group>";
		};
/* End PBXGroup section */

/* Begin PBXNativeTarget section */
		AC63FB0D219A85D1008FF7CE /* Adapter */ = {
			isa = PBXNativeTarget;
			buildConfigurationList = AC63FB27219A85D5008FF7CE /* Build configuration list for PBXNativeTarget "Adapter" */;
			buildPhases = (
				AC63FB0A219A85D1008FF7CE /* Sources */,
				AC63FB0B219A85D1008FF7CE /* Frameworks */,
				AC63FB0C219A85D1008FF7CE /* Resources */,
			);
			buildRules = (
			);
			dependencies = (
			);
			name = Adapter;
			productName = Adapter;
			productReference = AC63FB0E219A85D1008FF7CE /* Adapter.app */;
			productType = "com.apple.product-type.application";
		};
		AC63FB1D219A85D5008FF7CE /* AdapterTests */ = {
			isa = PBXNativeTarget;
			buildConfigurationList = AC63FB2A219A85D5008FF7CE /* Build configuration list for PBXNativeTarget "AdapterTests" */;
			buildPhases = (
				AC63FB1A219A85D5008FF7CE /* Sources */,
				AC63FB1B219A85D5008FF7CE /* Frameworks */,
				AC63FB1C219A85D5008FF7CE /* Resources */,
			);
			buildRules = (
			);
			dependencies = (
				AC63FB20219A85D5008FF7CE /* PBXTargetDependency */,
			);
			name = AdapterTests;
			productName = AdapterTests;
			productReference = AC63FB1E219A85D5008FF7CE /* AdapterTests.xctest */;
			productType = "com.apple.product-type.bundle.unit-test";
		};
/* End PBXNativeTarget section */

/* Begin PBXProject section */
		AC63FB06219A85D1008FF7CE /* Project object */ = {
			isa = PBXProject;
			attributes = {
				LastSwiftUpdateCheck = 1000;
				LastUpgradeCheck = 1000;
				ORGANIZATIONNAME = 3;
				TargetAttributes = {
					AC63FB0D219A85D1008FF7CE = {
						CreatedOnToolsVersion = 10.0;
					};
					AC63FB1D219A85D5008FF7CE = {
						CreatedOnToolsVersion = 10.0;
						TestTargetID = AC63FB0D219A85D1008FF7CE;
					};
				};
			};
			buildConfigurationList = AC63FB09219A85D1008FF7CE /* Build configuration list for PBXProject "Adapter" */;
			compatibilityVersion = "Xcode 9.3";
			developmentRegion = en;
			hasScannedForEncodings = 0;
			knownRegions = (
				en,
				Base,
			);
			mainGroup = AC63FB05219A85D1008FF7CE;
			productRefGroup = AC63FB0F219A85D1008FF7CE /* Products */;
			projectDirPath = "";
			projectRoot = "";
			targets = (
				AC63FB0D219A85D1008FF7CE /* Adapter */,
				AC63FB1D219A85D5008FF7CE /* AdapterTests */,
			);
		};
/* End PBXProject section */

/* Begin PBXResourcesBuildPhase section */
		AC63FB0C219A85D1008FF7CE /* Resources */ = {
			isa = PBXResourcesBuildPhase;
			buildActionMask = 2147483647;
			files = (
				AC63FB14219A85D4008FF7CE /* Assets.xcassets in Resources */,
				AC63FB17219A85D4008FF7CE /* MainMenu.xib in Resources */,
			);
			runOnlyForDeploymentPostprocessing = 0;
		};
		AC63FB1C219A85D5008FF7CE /* Resources */ = {
			isa = PBXResourcesBuildPhase;
			buildActionMask = 2147483647;
			files = (
			);
			runOnlyForDeploymentPostprocessing = 0;
		};
/* End PBXResourcesBuildPhase section */

/* Begin PBXSourcesBuildPhase section */
		AC63FB0A219A85D1008FF7CE /* Sources */ = {
			isa = PBXSourcesBuildPhase;
			buildActionMask = 2147483647;
			files = (
				AC63FB12219A85D1008FF7CE /* AppDelegate.swift in Sources */,
				AC63FB2E219A860D008FF7CE /* Adapter.swift in Sources */,
			);
			runOnlyForDeploymentPostprocessing = 0;
		};
		AC63FB1A219A85D5008FF7CE /* Sources */ = {
			isa = PBXSourcesBuildPhase;
			buildActionMask = 2147483647;
			files = (
				AC63FB23219A85D5008FF7CE /* AdapterTests.swift in Sources */,
			);
			runOnlyForDeploymentPostprocessing = 0;
		};
/* End PBXSourcesBuildPhase section */

/* Begin PBXTargetDependency section */
		AC63FB20219A85D5008FF7CE /* PBXTargetDependency */ = {
			isa = PBXTargetDependency;
			target = AC63FB0D219A85D1008FF7CE /* Adapter */;
			targetProxy = AC63FB1F219A85D5008FF7CE /* PBXContainerItemProxy */;
		};
/* End PBXTargetDependency section */

/* Begin PBXVariantGroup section */
		AC63FB15219A85D4008FF7CE /* MainMenu.xib */ = {
			isa = PBXVariantGroup;
			children = (
				AC63FB16219A85D4008FF7CE /* Base */,
			);
			name = MainMenu.xib;
			sourceTree = "<group>";
		};
/* End PBXVariantGroup section */

/* Begin XCBuildConfiguration section */
		AC63FB25219A85D5008FF7CE /* Debug */ = {
			isa = XCBuildConfiguration;
			buildSettings = {
				ALWAYS_SEARCH_USER_PATHS = NO;
				CLANG_ANALYZER_NONNULL = YES;
				CLANG_ANALYZER_NUMBER_OBJECT_CONVERSION = YES_AGGRESSIVE;
				CLANG_CXX_LANGUAGE_STANDARD = "gnu++14";
				CLANG_CXX_LIBRARY = "libc++";
				CLANG_ENABLE_MODULES = YES;
				CLANG_ENABLE_OBJC_ARC = YES;
				CLANG_ENABLE_OBJC_WEAK = YES;
				CLANG_WARN_BLOCK_CAPTURE_AUTORELEASING = YES;
				CLANG_WARN_BOOL_CONVERSION = YES;
				CLANG_WARN_COMMA = YES;
				CLANG_WARN_CONSTANT_CONVERSION = YES;
				CLANG_WARN_DEPRECATED_OBJC_IMPLEMENTATIONS = YES;
				CLANG_WARN_DIRECT_OBJC_ISA_USAGE = YES_ERROR;
				CLANG_WARN_DOCUMENTATION_COMMENTS = YES;
				CLANG_WARN_EMPTY_BODY = YES;
				CLANG_WARN_ENUM_CONVERSION = YES;
				CLANG_WARN_INFINITE_RECURSION = YES;
				CLANG_WARN_INT_CONVERSION = YES;
				CLANG_WARN_NON_LITERAL_NULL_CONVERSION = YES;
				CLANG_WARN_OBJC_IMPLICIT_RETAIN_SELF = YES;
				CLANG_WARN_OBJC_LITERAL_CONVERSION = YES;
				CLANG_WARN_OBJC_ROOT_CLASS = YES_ERROR;
				CLANG_WARN_RANGE_LOOP_ANALYSIS = YES;
				CLANG_WARN_STRICT_PROTOTYPES = YES;
				CLANG_WARN_SUSPICIOUS_MOVE = YES;
				CLANG_WARN_UNGUARDED_AVAILABILITY = YES_AGGRESSIVE;
				CLANG_WARN_UNREACHABLE_CODE = YES;
				CLANG_WARN__DUPLICATE_METHOD_MATCH = YES;
				CODE_SIGN_IDENTITY = "Mac Developer";
				COPY_PHASE_STRIP = NO;
				DEBUG_INFORMATION_FORMAT = dwarf;
				ENABLE_STRICT_OBJC_MSGSEND = YES;
				ENABLE_TESTABILITY = YES;
				GCC_C_LANGUAGE_STANDARD = gnu11;
				GCC_DYNAMIC_NO_PIC = NO;
				GCC_NO_COMMON_BLOCKS = YES;
				GCC_OPTIMIZATION_LEVEL = 0;
				GCC_PREPROCESSOR_DEFINITIONS = (
					"DEBUG=1",
					"$(inherited)",
				);
				GCC_WARN_64_TO_32_BIT_CONVERSION = YES;
				GCC_WARN_ABOUT_RETURN_TYPE = YES_ERROR;
				GCC_WARN_UNDECLARED_SELECTOR = YES;
				GCC_WARN_UNINITIALIZED_AUTOS = YES_AGGRESSIVE;
				GCC_WARN_UNUSED_FUNCTION = YES;
				GCC_WARN_UNUSED_VARIABLE = YES;
				MACOSX_DEPLOYMENT_TARGET = 10.13;
				MTL_ENABLE_DEBUG_INFO = INCLUDE_SOURCE;
				MTL_FAST_MATH = YES;
				ONLY_ACTIVE_ARCH = YES;
				SDKROOT = macosx;
				SWIFT_ACTIVE_COMPILATION_CONDITIONS = DEBUG;
				SWIFT_OPTIMIZATION_LEVEL = "-Onone";
			};
			name = Debug;
		};
		AC63FB26219A85D5008FF7CE /* Release */ = {
			isa = XCBuildConfiguration;
			buildSettings = {
				ALWAYS_SEARCH_USER_PATHS = NO;
				CLANG_ANALYZER_NONNULL = YES;
				CLANG_ANALYZER_NUMBER_OBJECT_CONVERSION = YES_AGGRESSIVE;
				CLANG_CXX_LANGUAGE_STANDARD = "gnu++14";
				CLANG_CXX_LIBRARY = "libc++";
				CLANG_ENABLE_MODULES = YES;
				CLANG_ENABLE_OBJC_ARC = YES;
				CLANG_ENABLE_OBJC_WEAK = YES;
				CLANG_WARN_BLOCK_CAPTURE_AUTORELEASING = YES;
				CLANG_WARN_BOOL_CONVERSION = YES;
				CLANG_WARN_COMMA = YES;
				CLANG_WARN_CONSTANT_CONVERSION = YES;
				CLANG_WARN_DEPRECATED_OBJC_IMPLEMENTATIONS = YES;
				CLANG_WARN_DIRECT_OBJC_ISA_USAGE = YES_ERROR;
				CLANG_WARN_DOCUMENTATION_COMMENTS = YES;
				CLANG_WARN_EMPTY_BODY = YES;
				CLANG_WARN_ENUM_CONVERSION = YES;
				CLANG_WARN_INFINITE_RECURSION = YES;
				CLANG_WARN_INT_CONVERSION = YES;
				CLANG_WARN_NON_LITERAL_NULL_CONVERSION = YES;
				CLANG_WARN_OBJC_IMPLICIT_RETAIN_SELF = YES;
				CLANG_WARN_OBJC_LITERAL_CONVERSION = YES;
				CLANG_WARN_OBJC_ROOT_CLASS = YES_ERROR;
				CLANG_WARN_RANGE_LOOP_ANALYSIS = YES;
				CLANG_WARN_STRICT_PROTOTYPES = YES;
				CLANG_WARN_SUSPICIOUS_MOVE = YES;
				CLANG_WARN_UNGUARDED_AVAILABILITY = YES_AGGRESSIVE;
				CLANG_WARN_UNREACHABLE_CODE = YES;
				CLANG_WARN__DUPLICATE_METHOD_MATCH = YES;
				CODE_SIGN_IDENTITY = "Mac Developer";
				COPY_PHASE_STRIP = NO;
				DEBUG_INFORMATION_FORMAT = "dwarf-with-dsym";
				ENABLE_NS_ASSERTIONS = NO;
				ENABLE_STRICT_OBJC_MSGSEND = YES;
				GCC_C_LANGUAGE_STANDARD = gnu11;
				GCC_NO_COMMON_BLOCKS = YES;
				GCC_WARN_64_TO_32_BIT_CONVERSION = YES;
				GCC_WARN_ABOUT_RETURN_TYPE = YES_ERROR;
				GCC_WARN_UNDECLARED_SELECTOR = YES;
				GCC_WARN_UNINITIALIZED_AUTOS = YES_AGGRESSIVE;
				GCC_WARN_UNUSED_FUNCTION = YES;
				GCC_WARN_UNUSED_VARIABLE = YES;
				MACOSX_DEPLOYMENT_TARGET = 10.13;
				MTL_ENABLE_DEBUG_INFO = NO;
				MTL_FAST_MATH = YES;
				SDKROOT = macosx;
				SWIFT_COMPILATION_MODE = wholemodule;
				SWIFT_OPTIMIZATION_LEVEL = "-O";
			};
			name = Release;
		};
		AC63FB28219A85D5008FF7CE /* Debug */ = {
			isa = XCBuildConfiguration;
			buildSettings = {
				ASSETCATALOG_COMPILER_APPICON_NAME = AppIcon;
				CODE_SIGN_ENTITLEMENTS = Adapter/Adapter.entitlements;
				CODE_SIGN_STYLE = Automatic;
				COMBINE_HIDPI_IMAGES = YES;
				DEVELOPMENT_TEAM = E53J7FJ2ED;
				INFOPLIST_FILE = Adapter/Info.plist;
				LD_RUNPATH_SEARCH_PATHS = (
					"$(inherited)",
					"@executable_path/../Frameworks",
				);
				PRODUCT_BUNDLE_IDENTIFIER = org.ipa.mobile.Adapter;
				PRODUCT_NAME = "$(TARGET_NAME)";
				SWIFT_VERSION = 4.2;
			};
			name = Debug;
		};
		AC63FB29219A85D5008FF7CE /* Release */ = {
			isa = XCBuildConfiguration;
			buildSettings = {
				ASSETCATALOG_COMPILER_APPICON_NAME = AppIcon;
				CODE_SIGN_ENTITLEMENTS = Adapter/Adapter.entitlements;
				CODE_SIGN_STYLE = Automatic;
				COMBINE_HIDPI_IMAGES = YES;
				DEVELOPMENT_TEAM = E53J7FJ2ED;
				INFOPLIST_FILE = Adapter/Info.plist;
				LD_RUNPATH_SEARCH_PATHS = (
					"$(inherited)",
					"@executable_path/../Frameworks",
				);
				PRODUCT_BUNDLE_IDENTIFIER = org.ipa.mobile.Adapter;
				PRODUCT_NAME = "$(TARGET_NAME)";
				SWIFT_VERSION = 4.2;
			};
			name = Release;
		};
		AC63FB2B219A85D5008FF7CE /* Debug */ = {
			isa = XCBuildConfiguration;
			buildSettings = {
				ALWAYS_EMBED_SWIFT_STANDARD_LIBRARIES = YES;
				BUNDLE_LOADER = "$(TEST_HOST)";
				CODE_SIGN_STYLE = Automatic;
				COMBINE_HIDPI_IMAGES = YES;
				DEVELOPMENT_TEAM = E53J7FJ2ED;
				INFOPLIST_FILE = AdapterTests/Info.plist;
				LD_RUNPATH_SEARCH_PATHS = (
					"$(inherited)",
					"@executable_path/../Frameworks",
					"@loader_path/../Frameworks",
				);
				PRODUCT_BUNDLE_IDENTIFIER = org.ipa.mobile.AdapterTests;
				PRODUCT_NAME = "$(TARGET_NAME)";
				SWIFT_VERSION = 4.2;
				TEST_HOST = "$(BUILT_PRODUCTS_DIR)/Adapter.app/Contents/MacOS/Adapter";
			};
			name = Debug;
		};
		AC63FB2C219A85D5008FF7CE /* Release */ = {
			isa = XCBuildConfiguration;
			buildSettings = {
				ALWAYS_EMBED_SWIFT_STANDARD_LIBRARIES = YES;
				BUNDLE_LOADER = "$(TEST_HOST)";
				CODE_SIGN_STYLE = Automatic;
				COMBINE_HIDPI_IMAGES = YES;
				DEVELOPMENT_TEAM = E53J7FJ2ED;
				INFOPLIST_FILE = AdapterTests/Info.plist;
				LD_RUNPATH_SEARCH_PATHS = (
					"$(inherited)",
					"@executable_path/../Frameworks",
					"@loader_path/../Frameworks",
				);
				PRODUCT_BUNDLE_IDENTIFIER = org.ipa.mobile.AdapterTests;
				PRODUCT_NAME = "$(TARGET_NAME)";
				SWIFT_VERSION = 4.2;
				TEST_HOST = "$(BUILT_PRODUCTS_DIR)/Adapter.app/Contents/MacOS/Adapter";
			};
			name = Release;
		};
/* End XCBuildConfiguration section */

/* Begin XCConfigurationList section */
		AC63FB09219A85D1008FF7CE /* Build configuration list for PBXProject "Adapter" */ = {
			isa = XCConfigurationList;
			buildConfigurations = (
				AC63FB25219A85D5008FF7CE /* Debug */,
				AC63FB26219A85D5008FF7CE /* Release */,
			);
			defaultConfigurationIsVisible = 0;
			defaultConfigurationName = Release;
		};
		AC63FB27219A85D5008FF7CE /* Build configuration list for PBXNativeTarget "Adapter" */ = {
			isa = XCConfigurationList;
			buildConfigurations = (
				AC63FB28219A85D5008FF7CE /* Debug */,
				AC63FB29219A85D5008FF7CE /* Release */,
			);
			defaultConfigurationIsVisible = 0;
			defaultConfigurationName = Release;
		};
		AC63FB2A219A85D5008FF7CE /* Build configuration list for PBXNativeTarget "AdapterTests" */ = {
			isa = XCConfigurationList;
			buildConfigurations = (
				AC63FB2B219A85D5008FF7CE /* Debug */,
				AC63FB2C219A85D5008FF7CE /* Release */,
			);
			defaultConfigurationIsVisible = 0;
			defaultConfigurationName = Release;
		};
/* End XCConfigurationList section */
	};
	rootObject = AC63FB06219A85D1008FF7CE /* Project object */;
}
