// !$*UTF8*$!
{
	archiveVersion = 1;
	classes = {
	};
	objectVersion = 50;
	objects = {

/* Begin PBXBuildFile section */
		ACF5EE7A21929AE50083C179 /* AppDelegate.swift in Sources */ = {isa = PBXBuildFile; fileRef = ACF5EE7921929AE50083C179 /* AppDelegate.swift */; };
		ACF5EE7C21929AE60083C179 /* Assets.xcassets in Resources */ = {isa = PBXBuildFile; fileRef = ACF5EE7B21929AE60083C179 /* Assets.xcassets */; };
		ACF5EE7F21929AE60083C179 /* MainMenu.xib in Resources */ = {isa = PBXBuildFile; fileRef = ACF5EE7D21929AE60083C179 /* MainMenu.xib */; };
		ACF5EE8B21929AE60083C179 /* IteratorTests.swift in Sources */ = {isa = PBXBuildFile; fileRef = ACF5EE8A21929AE60083C179 /* IteratorTests.swift */; };
		ACF5EE9621929B000083C179 /* Iterator.swift in Sources */ = {isa = PBXBuildFile; fileRef = ACF5EE9521929B000083C179 /* Iterator.swift */; };
/* End PBXBuildFile section */

/* Begin PBXContainerItemProxy section */
		ACF5EE8721929AE60083C179 /* PBXContainerItemProxy */ = {
			isa = PBXContainerItemProxy;
			containerPortal = ACF5EE6E21929AE40083C179 /* Project object */;
			proxyType = 1;
			remoteGlobalIDString = ACF5EE7521929AE40083C179;
			remoteInfo = Iterator;
		};
/* End PBXContainerItemProxy section */

/* Begin PBXFileReference section */
		ACF5EE7621929AE50083C179 /* Iterator.app */ = {isa = PBXFileReference; explicitFileType = wrapper.application; includeInIndex = 0; path = Iterator.app; sourceTree = BUILT_PRODUCTS_DIR; };
		ACF5EE7921929AE50083C179 /* AppDelegate.swift */ = {isa = PBXFileReference; lastKnownFileType = sourcecode.swift; path = AppDelegate.swift; sourceTree = "<group>"; };
		ACF5EE7B21929AE60083C179 /* Assets.xcassets */ = {isa = PBXFileReference; lastKnownFileType = folder.assetcatalog; path = Assets.xcassets; sourceTree = "<group>"; };
		ACF5EE7E21929AE60083C179 /* Base */ = {isa = PBXFileReference; lastKnownFileType = file.xib; name = Base; path = Base.lproj/MainMenu.xib; sourceTree = "<group>"; };
		ACF5EE8021929AE60083C179 /* Info.plist */ = {isa = PBXFileReference; lastKnownFileType = text.plist.xml; path = Info.plist; sourceTree = "<group>"; };
		ACF5EE8121929AE60083C179 /* Iterator.entitlements */ = {isa = PBXFileReference; lastKnownFileType = text.plist.entitlements; path = Iterator.entitlements; sourceTree = "<group>"; };
		ACF5EE8621929AE60083C179 /* IteratorTests.xctest */ = {isa = PBXFileReference; explicitFileType = wrapper.cfbundle; includeInIndex = 0; path = IteratorTests.xctest; sourceTree = BUILT_PRODUCTS_DIR; };
		ACF5EE8A21929AE60083C179 /* IteratorTests.swift */ = {isa = PBXFileReference; lastKnownFileType = sourcecode.swift; path = IteratorTests.swift; sourceTree = "<group>"; };
		ACF5EE8C21929AE60083C179 /* Info.plist */ = {isa = PBXFileReference; lastKnownFileType = text.plist.xml; path = Info.plist; sourceTree = "<group>"; };
		ACF5EE9521929B000083C179 /* Iterator.swift */ = {isa = PBXFileReference; lastKnownFileType = sourcecode.swift; path = Iterator.swift; sourceTree = "<group>"; };
/* End PBXFileReference section */

/* Begin PBXFrameworksBuildPhase section */
		ACF5EE7321929AE40083C179 /* Frameworks */ = {
			isa = PBXFrameworksBuildPhase;
			buildActionMask = 2147483647;
			files = (
			);
			runOnlyForDeploymentPostprocessing = 0;
		};
		ACF5EE8321929AE60083C179 /* Frameworks */ = {
			isa = PBXFrameworksBuildPhase;
			buildActionMask = 2147483647;
			files = (
			);
			runOnlyForDeploymentPostprocessing = 0;
		};
/* End PBXFrameworksBuildPhase section */

/* Begin PBXGroup section */
		ACF5EE6D21929AE40083C179 = {
			isa = PBXGroup;
			children = (
				ACF5EE9521929B000083C179 /* Iterator.swift */,
				ACF5EE7821929AE50083C179 /* Iterator */,
				ACF5EE8921929AE60083C179 /* IteratorTests */,
				ACF5EE7721929AE50083C179 /* Products */,
			);
			sourceTree = "<group>";
		};
		ACF5EE7721929AE50083C179 /* Products */ = {
			isa = PBXGroup;
			children = (
				ACF5EE7621929AE50083C179 /* Iterator.app */,
				ACF5EE8621929AE60083C179 /* IteratorTests.xctest */,
			);
			name = Products;
			sourceTree = "<group>";
		};
		ACF5EE7821929AE50083C179 /* Iterator */ = {
			isa = PBXGroup;
			children = (
				ACF5EE7921929AE50083C179 /* AppDelegate.swift */,
				ACF5EE7B21929AE60083C179 /* Assets.xcassets */,
				ACF5EE7D21929AE60083C179 /* MainMenu.xib */,
				ACF5EE8021929AE60083C179 /* Info.plist */,
				ACF5EE8121929AE60083C179 /* Iterator.entitlements */,
			);
			path = Iterator;
			sourceTree = "<group>";
		};
		ACF5EE8921929AE60083C179 /* IteratorTests */ = {
			isa = PBXGroup;
			children = (
				ACF5EE8A21929AE60083C179 /* IteratorTests.swift */,
				ACF5EE8C21929AE60083C179 /* Info.plist */,
			);
			path = IteratorTests;
			sourceTree = "<group>";
		};
/* End PBXGroup section */

/* Begin PBXNativeTarget section */
		ACF5EE7521929AE40083C179 /* Iterator */ = {
			isa = PBXNativeTarget;
			buildConfigurationList = ACF5EE8F21929AE60083C179 /* Build configuration list for PBXNativeTarget "Iterator" */;
			buildPhases = (
				ACF5EE7221929AE40083C179 /* Sources */,
				ACF5EE7321929AE40083C179 /* Frameworks */,
				ACF5EE7421929AE40083C179 /* Resources */,
			);
			buildRules = (
			);
			dependencies = (
			);
			name = Iterator;
			productName = Iterator;
			productReference = ACF5EE7621929AE50083C179 /* Iterator.app */;
			productType = "com.apple.product-type.application";
		};
		ACF5EE8521929AE60083C179 /* IteratorTests */ = {
			isa = PBXNativeTarget;
			buildConfigurationList = ACF5EE9221929AE60083C179 /* Build configuration list for PBXNativeTarget "IteratorTests" */;
			buildPhases = (
				ACF5EE8221929AE60083C179 /* Sources */,
				ACF5EE8321929AE60083C179 /* Frameworks */,
				ACF5EE8421929AE60083C179 /* Resources */,
			);
			buildRules = (
			);
			dependencies = (
				ACF5EE8821929AE60083C179 /* PBXTargetDependency */,
			);
			name = IteratorTests;
			productName = IteratorTests;
			productReference = ACF5EE8621929AE60083C179 /* IteratorTests.xctest */;
			productType = "com.apple.product-type.bundle.unit-test";
		};
/* End PBXNativeTarget section */

/* Begin PBXProject section */
		ACF5EE6E21929AE40083C179 /* Project object */ = {
			isa = PBXProject;
			attributes = {
				LastSwiftUpdateCheck = 1000;
				LastUpgradeCheck = 1000;
				ORGANIZATIONNAME = 3;
				TargetAttributes = {
					ACF5EE7521929AE40083C179 = {
						CreatedOnToolsVersion = 10.0;
					};
					ACF5EE8521929AE60083C179 = {
						CreatedOnToolsVersion = 10.0;
						TestTargetID = ACF5EE7521929AE40083C179;
					};
				};
			};
			buildConfigurationList = ACF5EE7121929AE40083C179 /* Build configuration list for PBXProject "Iterator" */;
			compatibilityVersion = "Xcode 9.3";
			developmentRegion = en;
			hasScannedForEncodings = 0;
			knownRegions = (
				en,
				Base,
			);
			mainGroup = ACF5EE6D21929AE40083C179;
			productRefGroup = ACF5EE7721929AE50083C179 /* Products */;
			projectDirPath = "";
			projectRoot = "";
			targets = (
				ACF5EE7521929AE40083C179 /* Iterator */,
				ACF5EE8521929AE60083C179 /* IteratorTests */,
			);
		};
/* End PBXProject section */

/* Begin PBXResourcesBuildPhase section */
		ACF5EE7421929AE40083C179 /* Resources */ = {
			isa = PBXResourcesBuildPhase;
			buildActionMask = 2147483647;
			files = (
				ACF5EE7C21929AE60083C179 /* Assets.xcassets in Resources */,
				ACF5EE7F21929AE60083C179 /* MainMenu.xib in Resources */,
			);
			runOnlyForDeploymentPostprocessing = 0;
		};
		ACF5EE8421929AE60083C179 /* Resources */ = {
			isa = PBXResourcesBuildPhase;
			buildActionMask = 2147483647;
			files = (
			);
			runOnlyForDeploymentPostprocessing = 0;
		};
/* End PBXResourcesBuildPhase section */

/* Begin PBXSourcesBuildPhase section */
		ACF5EE7221929AE40083C179 /* Sources */ = {
			isa = PBXSourcesBuildPhase;
			buildActionMask = 2147483647;
			files = (
				ACF5EE7A21929AE50083C179 /* AppDelegate.swift in Sources */,
				ACF5EE9621929B000083C179 /* Iterator.swift in Sources */,
			);
			runOnlyForDeploymentPostprocessing = 0;
		};
		ACF5EE8221929AE60083C179 /* Sources */ = {
			isa = PBXSourcesBuildPhase;
			buildActionMask = 2147483647;
			files = (
				ACF5EE8B21929AE60083C179 /* IteratorTests.swift in Sources */,
			);
			runOnlyForDeploymentPostprocessing = 0;
		};
/* End PBXSourcesBuildPhase section */

/* Begin PBXTargetDependency section */
		ACF5EE8821929AE60083C179 /* PBXTargetDependency */ = {
			isa = PBXTargetDependency;
			target = ACF5EE7521929AE40083C179 /* Iterator */;
			targetProxy = ACF5EE8721929AE60083C179 /* PBXContainerItemProxy */;
		};
/* End PBXTargetDependency section */

/* Begin PBXVariantGroup section */
		ACF5EE7D21929AE60083C179 /* MainMenu.xib */ = {
			isa = PBXVariantGroup;
			children = (
				ACF5EE7E21929AE60083C179 /* Base */,
			);
			name = MainMenu.xib;
			sourceTree = "<group>";
		};
/* End PBXVariantGroup section */

/* Begin XCBuildConfiguration section */
		ACF5EE8D21929AE60083C179 /* Debug */ = {
			isa = XCBuildConfiguration;
			buildSettings = {
				ALWAYS_SEARCH_USER_PATHS = NO;
				CLANG_ANALYZER_NONNULL = YES;
				CLANG_ANALYZER_NUMBER_OBJECT_CONVERSION = YES_AGGRESSIVE;
				CLANG_CXX_LANGUAGE_STANDARD = "gnu++14";
				CLANG_CXX_LIBRARY = "libc++";
				CLANG_ENABLE_MODULES = YES;
				CLANG_ENABLE_OBJC_ARC = YES;
				CLANG_ENABLE_OBJC_WEAK = YES;
				CLANG_WARN_BLOCK_CAPTURE_AUTORELEASING = YES;
				CLANG_WARN_BOOL_CONVERSION = YES;
				CLANG_WARN_COMMA = YES;
				CLANG_WARN_CONSTANT_CONVERSION = YES;
				CLANG_WARN_DEPRECATED_OBJC_IMPLEMENTATIONS = YES;
				CLANG_WARN_DIRECT_OBJC_ISA_USAGE = YES_ERROR;
				CLANG_WARN_DOCUMENTATION_COMMENTS = YES;
				CLANG_WARN_EMPTY_BODY = YES;
				CLANG_WARN_ENUM_CONVERSION = YES;
				CLANG_WARN_INFINITE_RECURSION = YES;
				CLANG_WARN_INT_CONVERSION = YES;
				CLANG_WARN_NON_LITERAL_NULL_CONVERSION = YES;
				CLANG_WARN_OBJC_IMPLICIT_RETAIN_SELF = YES;
				CLANG_WARN_OBJC_LITERAL_CONVERSION = YES;
				CLANG_WARN_OBJC_ROOT_CLASS = YES_ERROR;
				CLANG_WARN_RANGE_LOOP_ANALYSIS = YES;
				CLANG_WARN_STRICT_PROTOTYPES = YES;
				CLANG_WARN_SUSPICIOUS_MOVE = YES;
				CLANG_WARN_UNGUARDED_AVAILABILITY = YES_AGGRESSIVE;
				CLANG_WARN_UNREACHABLE_CODE = YES;
				CLANG_WARN__DUPLICATE_METHOD_MATCH = YES;
				CODE_SIGN_IDENTITY = "Mac Developer";
				COPY_PHASE_STRIP = NO;
				DEBUG_INFORMATION_FORMAT = dwarf;
				ENABLE_STRICT_OBJC_MSGSEND = YES;
				ENABLE_TESTABILITY = YES;
				GCC_C_LANGUAGE_STANDARD = gnu11;
				GCC_DYNAMIC_NO_PIC = NO;
				GCC_NO_COMMON_BLOCKS = YES;
				GCC_OPTIMIZATION_LEVEL = 0;
				GCC_PREPROCESSOR_DEFINITIONS = (
					"DEBUG=1",
					"$(inherited)",
				);
				GCC_WARN_64_TO_32_BIT_CONVERSION = YES;
				GCC_WARN_ABOUT_RETURN_TYPE = YES_ERROR;
				GCC_WARN_UNDECLARED_SELECTOR = YES;
				GCC_WARN_UNINITIALIZED_AUTOS = YES_AGGRESSIVE;
				GCC_WARN_UNUSED_FUNCTION = YES;
				GCC_WARN_UNUSED_VARIABLE = YES;
				MACOSX_DEPLOYMENT_TARGET = 10.13;
				MTL_ENABLE_DEBUG_INFO = INCLUDE_SOURCE;
				MTL_FAST_MATH = YES;
				ONLY_ACTIVE_ARCH = YES;
				SDKROOT = macosx;
				SWIFT_ACTIVE_COMPILATION_CONDITIONS = DEBUG;
				SWIFT_OPTIMIZATION_LEVEL = "-Onone";
			};
			name = Debug;
		};
		ACF5EE8E21929AE60083C179 /* Release */ = {
			isa = XCBuildConfiguration;
			buildSettings = {
				ALWAYS_SEARCH_USER_PATHS = NO;
				CLANG_ANALYZER_NONNULL = YES;
				CLANG_ANALYZER_NUMBER_OBJECT_CONVERSION = YES_AGGRESSIVE;
				CLANG_CXX_LANGUAGE_STANDARD = "gnu++14";
				CLANG_CXX_LIBRARY = "libc++";
				CLANG_ENABLE_MODULES = YES;
				CLANG_ENABLE_OBJC_ARC = YES;
				CLANG_ENABLE_OBJC_WEAK = YES;
				CLANG_WARN_BLOCK_CAPTURE_AUTORELEASING = YES;
				CLANG_WARN_BOOL_CONVERSION = YES;
				CLANG_WARN_COMMA = YES;
				CLANG_WARN_CONSTANT_CONVERSION = YES;
				CLANG_WARN_DEPRECATED_OBJC_IMPLEMENTATIONS = YES;
				CLANG_WARN_DIRECT_OBJC_ISA_USAGE = YES_ERROR;
				CLANG_WARN_DOCUMENTATION_COMMENTS = YES;
				CLANG_WARN_EMPTY_BODY = YES;
				CLANG_WARN_ENUM_CONVERSION = YES;
				CLANG_WARN_INFINITE_RECURSION = YES;
				CLANG_WARN_INT_CONVERSION = YES;
				CLANG_WARN_NON_LITERAL_NULL_CONVERSION = YES;
				CLANG_WARN_OBJC_IMPLICIT_RETAIN_SELF = YES;
				CLANG_WARN_OBJC_LITERAL_CONVERSION = YES;
				CLANG_WARN_OBJC_ROOT_CLASS = YES_ERROR;
				CLANG_WARN_RANGE_LOOP_ANALYSIS = YES;
				CLANG_WARN_STRICT_PROTOTYPES = YES;
				CLANG_WARN_SUSPICIOUS_MOVE = YES;
				CLANG_WARN_UNGUARDED_AVAILABILITY = YES_AGGRESSIVE;
				CLANG_WARN_UNREACHABLE_CODE = YES;
				CLANG_WARN__DUPLICATE_METHOD_MATCH = YES;
				CODE_SIGN_IDENTITY = "Mac Developer";
				COPY_PHASE_STRIP = NO;
				DEBUG_INFORMATION_FORMAT = "dwarf-with-dsym";
				ENABLE_NS_ASSERTIONS = NO;
				ENABLE_STRICT_OBJC_MSGSEND = YES;
				GCC_C_LANGUAGE_STANDARD = gnu11;
				GCC_NO_COMMON_BLOCKS = YES;
				GCC_WARN_64_TO_32_BIT_CONVERSION = YES;
				GCC_WARN_ABOUT_RETURN_TYPE = YES_ERROR;
				GCC_WARN_UNDECLARED_SELECTOR = YES;
				GCC_WARN_UNINITIALIZED_AUTOS = YES_AGGRESSIVE;
				GCC_WARN_UNUSED_FUNCTION = YES;
				GCC_WARN_UNUSED_VARIABLE = YES;
				MACOSX_DEPLOYMENT_TARGET = 10.13;
				MTL_ENABLE_DEBUG_INFO = NO;
				MTL_FAST_MATH = YES;
				SDKROOT = macosx;
				SWIFT_COMPILATION_MODE = wholemodule;
				SWIFT_OPTIMIZATION_LEVEL = "-O";
			};
			name = Release;
		};
		ACF5EE9021929AE60083C179 /* Debug */ = {
			isa = XCBuildConfiguration;
			buildSettings = {
				ASSETCATALOG_COMPILER_APPICON_NAME = AppIcon;
				CODE_SIGN_ENTITLEMENTS = Iterator/Iterator.entitlements;
				CODE_SIGN_STYLE = Automatic;
				COMBINE_HIDPI_IMAGES = YES;
				DEVELOPMENT_TEAM = E53J7FJ2ED;
				INFOPLIST_FILE = Iterator/Info.plist;
				LD_RUNPATH_SEARCH_PATHS = (
					"$(inherited)",
					"@executable_path/../Frameworks",
				);
				PRODUCT_BUNDLE_IDENTIFIER = org.ipa.mobile.Iterator;
				PRODUCT_NAME = "$(TARGET_NAME)";
				SWIFT_VERSION = 4.2;
			};
			name = Debug;
		};
		ACF5EE9121929AE60083C179 /* Release */ = {
			isa = XCBuildConfiguration;
			buildSettings = {
				ASSETCATALOG_COMPILER_APPICON_NAME = AppIcon;
				CODE_SIGN_ENTITLEMENTS = Iterator/Iterator.entitlements;
				CODE_SIGN_STYLE = Automatic;
				COMBINE_HIDPI_IMAGES = YES;
				DEVELOPMENT_TEAM = E53J7FJ2ED;
				INFOPLIST_FILE = Iterator/Info.plist;
				LD_RUNPATH_SEARCH_PATHS = (
					"$(inherited)",
					"@executable_path/../Frameworks",
				);
				PRODUCT_BUNDLE_IDENTIFIER = org.ipa.mobile.Iterator;
				PRODUCT_NAME = "$(TARGET_NAME)";
				SWIFT_VERSION = 4.2;
			};
			name = Release;
		};
		ACF5EE9321929AE60083C179 /* Debug */ = {
			isa = XCBuildConfiguration;
			buildSettings = {
				ALWAYS_EMBED_SWIFT_STANDARD_LIBRARIES = YES;
				BUNDLE_LOADER = "$(TEST_HOST)";
				CODE_SIGN_STYLE = Automatic;
				COMBINE_HIDPI_IMAGES = YES;
				DEVELOPMENT_TEAM = E53J7FJ2ED;
				INFOPLIST_FILE = IteratorTests/Info.plist;
				LD_RUNPATH_SEARCH_PATHS = (
					"$(inherited)",
					"@executable_path/../Frameworks",
					"@loader_path/../Frameworks",
				);
				PRODUCT_BUNDLE_IDENTIFIER = org.ipa.mobile.IteratorTests;
				PRODUCT_NAME = "$(TARGET_NAME)";
				SWIFT_VERSION = 4.2;
				TEST_HOST = "$(BUILT_PRODUCTS_DIR)/Iterator.app/Contents/MacOS/Iterator";
			};
			name = Debug;
		};
		ACF5EE9421929AE60083C179 /* Release */ = {
			isa = XCBuildConfiguration;
			buildSettings = {
				ALWAYS_EMBED_SWIFT_STANDARD_LIBRARIES = YES;
				BUNDLE_LOADER = "$(TEST_HOST)";
				CODE_SIGN_STYLE = Automatic;
				COMBINE_HIDPI_IMAGES = YES;
				DEVELOPMENT_TEAM = E53J7FJ2ED;
				INFOPLIST_FILE = IteratorTests/Info.plist;
				LD_RUNPATH_SEARCH_PATHS = (
					"$(inherited)",
					"@executable_path/../Frameworks",
					"@loader_path/../Frameworks",
				);
				PRODUCT_BUNDLE_IDENTIFIER = org.ipa.mobile.IteratorTests;
				PRODUCT_NAME = "$(TARGET_NAME)";
				SWIFT_VERSION = 4.2;
				TEST_HOST = "$(BUILT_PRODUCTS_DIR)/Iterator.app/Contents/MacOS/Iterator";
			};
			name = Release;
		};
/* End XCBuildConfiguration section */

/* Begin XCConfigurationList section */
		ACF5EE7121929AE40083C179 /* Build configuration list for PBXProject "Iterator" */ = {
			isa = XCConfigurationList;
			buildConfigurations = (
				ACF5EE8D21929AE60083C179 /* Debug */,
				ACF5EE8E21929AE60083C179 /* Release */,
			);
			defaultConfigurationIsVisible = 0;
			defaultConfigurationName = Release;
		};
		ACF5EE8F21929AE60083C179 /* Build configuration list for PBXNativeTarget "Iterator" */ = {
			isa = XCConfigurationList;
			buildConfigurations = (
				ACF5EE9021929AE60083C179 /* Debug */,
				ACF5EE9121929AE60083C179 /* Release */,
			);
			defaultConfigurationIsVisible = 0;
			defaultConfigurationName = Release;
		};
		ACF5EE9221929AE60083C179 /* Build configuration list for PBXNativeTarget "IteratorTests" */ = {
			isa = XCConfigurationList;
			buildConfigurations = (
				ACF5EE9321929AE60083C179 /* Debug */,
				ACF5EE9421929AE60083C179 /* Release */,
			);
			defaultConfigurationIsVisible = 0;
			defaultConfigurationName = Release;
		};
/* End XCConfigurationList section */
	};
	rootObject = ACF5EE6E21929AE40083C179 /* Project object */;
}
