// !$*UTF8*$!
{
	archiveVersion = 1;
	classes = {
	};
	objectVersion = 50;
	objects = {

/* Begin PBXBuildFile section */
		ACF52E9621895F10004CBD49 /* AppDelegate.swift in Sources */ = {isa = PBXBuildFile; fileRef = ACF52E9521895F10004CBD49 /* AppDelegate.swift */; };
		ACF52E9821895F11004CBD49 /* Assets.xcassets in Resources */ = {isa = PBXBuildFile; fileRef = ACF52E9721895F11004CBD49 /* Assets.xcassets */; };
		ACF52E9B21895F11004CBD49 /* MainMenu.xib in Resources */ = {isa = PBXBuildFile; fileRef = ACF52E9921895F11004CBD49 /* MainMenu.xib */; };
		ACF52EA721895F12004CBD49 /* BuilderTests.swift in Sources */ = {isa = PBXBuildFile; fileRef = ACF52EA621895F12004CBD49 /* BuilderTests.swift */; };
		ACF52EB221895F29004CBD49 /* Builder.swift in Sources */ = {isa = PBXBuildFile; fileRef = ACF52EB121895F29004CBD49 /* Builder.swift */; };
/* End PBXBuildFile section */

/* Begin PBXContainerItemProxy section */
		ACF52EA321895F12004CBD49 /* PBXContainerItemProxy */ = {
			isa = PBXContainerItemProxy;
			containerPortal = ACF52E8A21895F0F004CBD49 /* Project object */;
			proxyType = 1;
			remoteGlobalIDString = ACF52E9121895F0F004CBD49;
			remoteInfo = Builder;
		};
/* End PBXContainerItemProxy section */

/* Begin PBXFileReference section */
		ACF52E9221895F0F004CBD49 /* Builder.app */ = {isa = PBXFileReference; explicitFileType = wrapper.application; includeInIndex = 0; path = Builder.app; sourceTree = BUILT_PRODUCTS_DIR; };
		ACF52E9521895F10004CBD49 /* AppDelegate.swift */ = {isa = PBXFileReference; lastKnownFileType = sourcecode.swift; path = AppDelegate.swift; sourceTree = "<group>"; };
		ACF52E9721895F11004CBD49 /* Assets.xcassets */ = {isa = PBXFileReference; lastKnownFileType = folder.assetcatalog; path = Assets.xcassets; sourceTree = "<group>"; };
		ACF52E9A21895F11004CBD49 /* Base */ = {isa = PBXFileReference; lastKnownFileType = file.xib; name = Base; path = Base.lproj/MainMenu.xib; sourceTree = "<group>"; };
		ACF52E9C21895F11004CBD49 /* Info.plist */ = {isa = PBXFileReference; lastKnownFileType = text.plist.xml; path = Info.plist; sourceTree = "<group>"; };
		ACF52E9D21895F11004CBD49 /* Builder.entitlements */ = {isa = PBXFileReference; lastKnownFileType = text.plist.entitlements; path = Builder.entitlements; sourceTree = "<group>"; };
		ACF52EA221895F12004CBD49 /* BuilderTests.xctest */ = {isa = PBXFileReference; explicitFileType = wrapper.cfbundle; includeInIndex = 0; path = BuilderTests.xctest; sourceTree = BUILT_PRODUCTS_DIR; };
		ACF52EA621895F12004CBD49 /* BuilderTests.swift */ = {isa = PBXFileReference; lastKnownFileType = sourcecode.swift; path = BuilderTests.swift; sourceTree = "<group>"; };
		ACF52EA821895F12004CBD49 /* Info.plist */ = {isa = PBXFileReference; lastKnownFileType = text.plist.xml; path = Info.plist; sourceTree = "<group>"; };
		ACF52EB121895F29004CBD49 /* Builder.swift */ = {isa = PBXFileReference; lastKnownFileType = sourcecode.swift; path = Builder.swift; sourceTree = "<group>"; };
/* End PBXFileReference section */

/* Begin PBXFrameworksBuildPhase section */
		ACF52E8F21895F0F004CBD49 /* Frameworks */ = {
			isa = PBXFrameworksBuildPhase;
			buildActionMask = 2147483647;
			files = (
			);
			runOnlyForDeploymentPostprocessing = 0;
		};
		ACF52E9F21895F12004CBD49 /* Frameworks */ = {
			isa = PBXFrameworksBuildPhase;
			buildActionMask = 2147483647;
			files = (
			);
			runOnlyForDeploymentPostprocessing = 0;
		};
/* End PBXFrameworksBuildPhase section */

/* Begin PBXGroup section */
		ACF52E8921895F0F004CBD49 = {
			isa = PBXGroup;
			children = (
				ACF52E9421895F0F004CBD49 /* Builder */,
				ACF52EA521895F12004CBD49 /* BuilderTests */,
				ACF52E9321895F0F004CBD49 /* Products */,
			);
			sourceTree = "<group>";
		};
		ACF52E9321895F0F004CBD49 /* Products */ = {
			isa = PBXGroup;
			children = (
				ACF52E9221895F0F004CBD49 /* Builder.app */,
				ACF52EA221895F12004CBD49 /* BuilderTests.xctest */,
			);
			name = Products;
			sourceTree = "<group>";
		};
		ACF52E9421895F0F004CBD49 /* Builder */ = {
			isa = PBXGroup;
			children = (
				ACF52E9521895F10004CBD49 /* AppDelegate.swift */,
				ACF52E9721895F11004CBD49 /* Assets.xcassets */,
				ACF52E9921895F11004CBD49 /* MainMenu.xib */,
				ACF52E9C21895F11004CBD49 /* Info.plist */,
				ACF52E9D21895F11004CBD49 /* Builder.entitlements */,
				ACF52EB121895F29004CBD49 /* Builder.swift */,
			);
			path = Builder;
			sourceTree = "<group>";
		};
		ACF52EA521895F12004CBD49 /* BuilderTests */ = {
			isa = PBXGroup;
			children = (
				ACF52EA621895F12004CBD49 /* BuilderTests.swift */,
				ACF52EA821895F12004CBD49 /* Info.plist */,
			);
			path = BuilderTests;
			sourceTree = "<group>";
		};
/* End PBXGroup section */

/* Begin PBXNativeTarget section */
		ACF52E9121895F0F004CBD49 /* Builder */ = {
			isa = PBXNativeTarget;
			buildConfigurationList = ACF52EAB21895F12004CBD49 /* Build configuration list for PBXNativeTarget "Builder" */;
			buildPhases = (
				ACF52E8E21895F0F004CBD49 /* Sources */,
				ACF52E8F21895F0F004CBD49 /* Frameworks */,
				ACF52E9021895F0F004CBD49 /* Resources */,
			);
			buildRules = (
			);
			dependencies = (
			);
			name = Builder;
			productName = Builder;
			productReference = ACF52E9221895F0F004CBD49 /* Builder.app */;
			productType = "com.apple.product-type.application";
		};
		ACF52EA121895F12004CBD49 /* BuilderTests */ = {
			isa = PBXNativeTarget;
			buildConfigurationList = ACF52EAE21895F12004CBD49 /* Build configuration list for PBXNativeTarget "BuilderTests" */;
			buildPhases = (
				ACF52E9E21895F12004CBD49 /* Sources */,
				ACF52E9F21895F12004CBD49 /* Frameworks */,
				ACF52EA021895F12004CBD49 /* Resources */,
			);
			buildRules = (
			);
			dependencies = (
				ACF52EA421895F12004CBD49 /* PBXTargetDependency */,
			);
			name = BuilderTests;
			productName = BuilderTests;
			productReference = ACF52EA221895F12004CBD49 /* BuilderTests.xctest */;
			productType = "com.apple.product-type.bundle.unit-test";
		};
/* End PBXNativeTarget section */

/* Begin PBXProject section */
		ACF52E8A21895F0F004CBD49 /* Project object */ = {
			isa = PBXProject;
			attributes = {
				LastSwiftUpdateCheck = 1000;
				LastUpgradeCheck = 1000;
				ORGANIZATIONNAME = 3;
				TargetAttributes = {
					ACF52E9121895F0F004CBD49 = {
						CreatedOnToolsVersion = 10.0;
					};
					ACF52EA121895F12004CBD49 = {
						CreatedOnToolsVersion = 10.0;
						TestTargetID = ACF52E9121895F0F004CBD49;
					};
				};
			};
			buildConfigurationList = ACF52E8D21895F0F004CBD49 /* Build configuration list for PBXProject "Builder" */;
			compatibilityVersion = "Xcode 9.3";
			developmentRegion = en;
			hasScannedForEncodings = 0;
			knownRegions = (
				en,
				Base,
			);
			mainGroup = ACF52E8921895F0F004CBD49;
			productRefGroup = ACF52E9321895F0F004CBD49 /* Products */;
			projectDirPath = "";
			projectRoot = "";
			targets = (
				ACF52E9121895F0F004CBD49 /* Builder */,
				ACF52EA121895F12004CBD49 /* BuilderTests */,
			);
		};
/* End PBXProject section */

/* Begin PBXResourcesBuildPhase section */
		ACF52E9021895F0F004CBD49 /* Resources */ = {
			isa = PBXResourcesBuildPhase;
			buildActionMask = 2147483647;
			files = (
				ACF52E9821895F11004CBD49 /* Assets.xcassets in Resources */,
				ACF52E9B21895F11004CBD49 /* MainMenu.xib in Resources */,
			);
			runOnlyForDeploymentPostprocessing = 0;
		};
		ACF52EA021895F12004CBD49 /* Resources */ = {
			isa = PBXResourcesBuildPhase;
			buildActionMask = 2147483647;
			files = (
			);
			runOnlyForDeploymentPostprocessing = 0;
		};
/* End PBXResourcesBuildPhase section */

/* Begin PBXSourcesBuildPhase section */
		ACF52E8E21895F0F004CBD49 /* Sources */ = {
			isa = PBXSourcesBuildPhase;
			buildActionMask = 2147483647;
			files = (
				ACF52E9621895F10004CBD49 /* AppDelegate.swift in Sources */,
				ACF52EB221895F29004CBD49 /* Builder.swift in Sources */,
			);
			runOnlyForDeploymentPostprocessing = 0;
		};
		ACF52E9E21895F12004CBD49 /* Sources */ = {
			isa = PBXSourcesBuildPhase;
			buildActionMask = 2147483647;
			files = (
				ACF52EA721895F12004CBD49 /* BuilderTests.swift in Sources */,
			);
			runOnlyForDeploymentPostprocessing = 0;
		};
/* End PBXSourcesBuildPhase section */

/* Begin PBXTargetDependency section */
		ACF52EA421895F12004CBD49 /* PBXTargetDependency */ = {
			isa = PBXTargetDependency;
			target = ACF52E9121895F0F004CBD49 /* Builder */;
			targetProxy = ACF52EA321895F12004CBD49 /* PBXContainerItemProxy */;
		};
/* End PBXTargetDependency section */

/* Begin PBXVariantGroup section */
		ACF52E9921895F11004CBD49 /* MainMenu.xib */ = {
			isa = PBXVariantGroup;
			children = (
				ACF52E9A21895F11004CBD49 /* Base */,
			);
			name = MainMenu.xib;
			sourceTree = "<group>";
		};
/* End PBXVariantGroup section */

/* Begin XCBuildConfiguration section */
		ACF52EA921895F12004CBD49 /* Debug */ = {
			isa = XCBuildConfiguration;
			buildSettings = {
				ALWAYS_SEARCH_USER_PATHS = NO;
				CLANG_ANALYZER_NONNULL = YES;
				CLANG_ANALYZER_NUMBER_OBJECT_CONVERSION = YES_AGGRESSIVE;
				CLANG_CXX_LANGUAGE_STANDARD = "gnu++14";
				CLANG_CXX_LIBRARY = "libc++";
				CLANG_ENABLE_MODULES = YES;
				CLANG_ENABLE_OBJC_ARC = YES;
				CLANG_ENABLE_OBJC_WEAK = YES;
				CLANG_WARN_BLOCK_CAPTURE_AUTORELEASING = YES;
				CLANG_WARN_BOOL_CONVERSION = YES;
				CLANG_WARN_COMMA = YES;
				CLANG_WARN_CONSTANT_CONVERSION = YES;
				CLANG_WARN_DEPRECATED_OBJC_IMPLEMENTATIONS = YES;
				CLANG_WARN_DIRECT_OBJC_ISA_USAGE = YES_ERROR;
				CLANG_WARN_DOCUMENTATION_COMMENTS = YES;
				CLANG_WARN_EMPTY_BODY = YES;
				CLANG_WARN_ENUM_CONVERSION = YES;
				CLANG_WARN_INFINITE_RECURSION = YES;
				CLANG_WARN_INT_CONVERSION = YES;
				CLANG_WARN_NON_LITERAL_NULL_CONVERSION = YES;
				CLANG_WARN_OBJC_IMPLICIT_RETAIN_SELF = YES;
				CLANG_WARN_OBJC_LITERAL_CONVERSION = YES;
				CLANG_WARN_OBJC_ROOT_CLASS = YES_ERROR;
				CLANG_WARN_RANGE_LOOP_ANALYSIS = YES;
				CLANG_WARN_STRICT_PROTOTYPES = YES;
				CLANG_WARN_SUSPICIOUS_MOVE = YES;
				CLANG_WARN_UNGUARDED_AVAILABILITY = YES_AGGRESSIVE;
				CLANG_WARN_UNREACHABLE_CODE = YES;
				CLANG_WARN__DUPLICATE_METHOD_MATCH = YES;
				CODE_SIGN_IDENTITY = "Mac Developer";
				COPY_PHASE_STRIP = NO;
				DEBUG_INFORMATION_FORMAT = dwarf;
				ENABLE_STRICT_OBJC_MSGSEND = YES;
				ENABLE_TESTABILITY = YES;
				GCC_C_LANGUAGE_STANDARD = gnu11;
				GCC_DYNAMIC_NO_PIC = NO;
				GCC_NO_COMMON_BLOCKS = YES;
				GCC_OPTIMIZATION_LEVEL = 0;
				GCC_PREPROCESSOR_DEFINITIONS = (
					"DEBUG=1",
					"$(inherited)",
				);
				GCC_WARN_64_TO_32_BIT_CONVERSION = YES;
				GCC_WARN_ABOUT_RETURN_TYPE = YES_ERROR;
				GCC_WARN_UNDECLARED_SELECTOR = YES;
				GCC_WARN_UNINITIALIZED_AUTOS = YES_AGGRESSIVE;
				GCC_WARN_UNUSED_FUNCTION = YES;
				GCC_WARN_UNUSED_VARIABLE = YES;
				MACOSX_DEPLOYMENT_TARGET = 10.13;
				MTL_ENABLE_DEBUG_INFO = INCLUDE_SOURCE;
				MTL_FAST_MATH = YES;
				ONLY_ACTIVE_ARCH = YES;
				SDKROOT = macosx;
				SWIFT_ACTIVE_COMPILATION_CONDITIONS = DEBUG;
				SWIFT_OPTIMIZATION_LEVEL = "-Onone";
			};
			name = Debug;
		};
		ACF52EAA21895F12004CBD49 /* Release */ = {
			isa = XCBuildConfiguration;
			buildSettings = {
				ALWAYS_SEARCH_USER_PATHS = NO;
				CLANG_ANALYZER_NONNULL = YES;
				CLANG_ANALYZER_NUMBER_OBJECT_CONVERSION = YES_AGGRESSIVE;
				CLANG_CXX_LANGUAGE_STANDARD = "gnu++14";
				CLANG_CXX_LIBRARY = "libc++";
				CLANG_ENABLE_MODULES = YES;
				CLANG_ENABLE_OBJC_ARC = YES;
				CLANG_ENABLE_OBJC_WEAK = YES;
				CLANG_WARN_BLOCK_CAPTURE_AUTORELEASING = YES;
				CLANG_WARN_BOOL_CONVERSION = YES;
				CLANG_WARN_COMMA = YES;
				CLANG_WARN_CONSTANT_CONVERSION = YES;
				CLANG_WARN_DEPRECATED_OBJC_IMPLEMENTATIONS = YES;
				CLANG_WARN_DIRECT_OBJC_ISA_USAGE = YES_ERROR;
				CLANG_WARN_DOCUMENTATION_COMMENTS = YES;
				CLANG_WARN_EMPTY_BODY = YES;
				CLANG_WARN_ENUM_CONVERSION = YES;
				CLANG_WARN_INFINITE_RECURSION = YES;
				CLANG_WARN_INT_CONVERSION = YES;
				CLANG_WARN_NON_LITERAL_NULL_CONVERSION = YES;
				CLANG_WARN_OBJC_IMPLICIT_RETAIN_SELF = YES;
				CLANG_WARN_OBJC_LITERAL_CONVERSION = YES;
				CLANG_WARN_OBJC_ROOT_CLASS = YES_ERROR;
				CLANG_WARN_RANGE_LOOP_ANALYSIS = YES;
				CLANG_WARN_STRICT_PROTOTYPES = YES;
				CLANG_WARN_SUSPICIOUS_MOVE = YES;
				CLANG_WARN_UNGUARDED_AVAILABILITY = YES_AGGRESSIVE;
				CLANG_WARN_UNREACHABLE_CODE = YES;
				CLANG_WARN__DUPLICATE_METHOD_MATCH = YES;
				CODE_SIGN_IDENTITY = "Mac Developer";
				COPY_PHASE_STRIP = NO;
				DEBUG_INFORMATION_FORMAT = "dwarf-with-dsym";
				ENABLE_NS_ASSERTIONS = NO;
				ENABLE_STRICT_OBJC_MSGSEND = YES;
				GCC_C_LANGUAGE_STANDARD = gnu11;
				GCC_NO_COMMON_BLOCKS = YES;
				GCC_WARN_64_TO_32_BIT_CONVERSION = YES;
				GCC_WARN_ABOUT_RETURN_TYPE = YES_ERROR;
				GCC_WARN_UNDECLARED_SELECTOR = YES;
				GCC_WARN_UNINITIALIZED_AUTOS = YES_AGGRESSIVE;
				GCC_WARN_UNUSED_FUNCTION = YES;
				GCC_WARN_UNUSED_VARIABLE = YES;
				MACOSX_DEPLOYMENT_TARGET = 10.13;
				MTL_ENABLE_DEBUG_INFO = NO;
				MTL_FAST_MATH = YES;
				SDKROOT = macosx;
				SWIFT_COMPILATION_MODE = wholemodule;
				SWIFT_OPTIMIZATION_LEVEL = "-O";
			};
			name = Release;
		};
		ACF52EAC21895F12004CBD49 /* Debug */ = {
			isa = XCBuildConfiguration;
			buildSettings = {
				ASSETCATALOG_COMPILER_APPICON_NAME = AppIcon;
				CODE_SIGN_ENTITLEMENTS = Builder/Builder.entitlements;
				CODE_SIGN_STYLE = Automatic;
				COMBINE_HIDPI_IMAGES = YES;
				DEVELOPMENT_TEAM = E53J7FJ2ED;
				INFOPLIST_FILE = Builder/Info.plist;
				LD_RUNPATH_SEARCH_PATHS = (
					"$(inherited)",
					"@executable_path/../Frameworks",
				);
				PRODUCT_BUNDLE_IDENTIFIER = org.ipa.mobile.Builder;
				PRODUCT_NAME = "$(TARGET_NAME)";
				SWIFT_VERSION = 4.2;
			};
			name = Debug;
		};
		ACF52EAD21895F12004CBD49 /* Release */ = {
			isa = XCBuildConfiguration;
			buildSettings = {
				ASSETCATALOG_COMPILER_APPICON_NAME = AppIcon;
				CODE_SIGN_ENTITLEMENTS = Builder/Builder.entitlements;
				CODE_SIGN_STYLE = Automatic;
				COMBINE_HIDPI_IMAGES = YES;
				DEVELOPMENT_TEAM = E53J7FJ2ED;
				INFOPLIST_FILE = Builder/Info.plist;
				LD_RUNPATH_SEARCH_PATHS = (
					"$(inherited)",
					"@executable_path/../Frameworks",
				);
				PRODUCT_BUNDLE_IDENTIFIER = org.ipa.mobile.Builder;
				PRODUCT_NAME = "$(TARGET_NAME)";
				SWIFT_VERSION = 4.2;
			};
			name = Release;
		};
		ACF52EAF21895F12004CBD49 /* Debug */ = {
			isa = XCBuildConfiguration;
			buildSettings = {
				ALWAYS_EMBED_SWIFT_STANDARD_LIBRARIES = YES;
				BUNDLE_LOADER = "$(TEST_HOST)";
				CODE_SIGN_STYLE = Automatic;
				COMBINE_HIDPI_IMAGES = YES;
				DEVELOPMENT_TEAM = E53J7FJ2ED;
				INFOPLIST_FILE = BuilderTests/Info.plist;
				LD_RUNPATH_SEARCH_PATHS = (
					"$(inherited)",
					"@executable_path/../Frameworks",
					"@loader_path/../Frameworks",
				);
				PRODUCT_BUNDLE_IDENTIFIER = org.ipa.mobile.BuilderTests;
				PRODUCT_NAME = "$(TARGET_NAME)";
				SWIFT_VERSION = 4.2;
				TEST_HOST = "$(BUILT_PRODUCTS_DIR)/Builder.app/Contents/MacOS/Builder";
			};
			name = Debug;
		};
		ACF52EB021895F12004CBD49 /* Release */ = {
			isa = XCBuildConfiguration;
			buildSettings = {
				ALWAYS_EMBED_SWIFT_STANDARD_LIBRARIES = YES;
				BUNDLE_LOADER = "$(TEST_HOST)";
				CODE_SIGN_STYLE = Automatic;
				COMBINE_HIDPI_IMAGES = YES;
				DEVELOPMENT_TEAM = E53J7FJ2ED;
				INFOPLIST_FILE = BuilderTests/Info.plist;
				LD_RUNPATH_SEARCH_PATHS = (
					"$(inherited)",
					"@executable_path/../Frameworks",
					"@loader_path/../Frameworks",
				);
				PRODUCT_BUNDLE_IDENTIFIER = org.ipa.mobile.BuilderTests;
				PRODUCT_NAME = "$(TARGET_NAME)";
				SWIFT_VERSION = 4.2;
				TEST_HOST = "$(BUILT_PRODUCTS_DIR)/Builder.app/Contents/MacOS/Builder";
			};
			name = Release;
		};
/* End XCBuildConfiguration section */

/* Begin XCConfigurationList section */
		ACF52E8D21895F0F004CBD49 /* Build configuration list for PBXProject "Builder" */ = {
			isa = XCConfigurationList;
			buildConfigurations = (
				ACF52EA921895F12004CBD49 /* Debug */,
				ACF52EAA21895F12004CBD49 /* Release */,
			);
			defaultConfigurationIsVisible = 0;
			defaultConfigurationName = Release;
		};
		ACF52EAB21895F12004CBD49 /* Build configuration list for PBXNativeTarget "Builder" */ = {
			isa = XCConfigurationList;
			buildConfigurations = (
				ACF52EAC21895F12004CBD49 /* Debug */,
				ACF52EAD21895F12004CBD49 /* Release */,
			);
			defaultConfigurationIsVisible = 0;
			defaultConfigurationName = Release;
		};
		ACF52EAE21895F12004CBD49 /* Build configuration list for PBXNativeTarget "BuilderTests" */ = {
			isa = XCConfigurationList;
			buildConfigurations = (
				ACF52EAF21895F12004CBD49 /* Debug */,
				ACF52EB021895F12004CBD49 /* Release */,
			);
			defaultConfigurationIsVisible = 0;
			defaultConfigurationName = Release;
		};
/* End XCConfigurationList section */
	};
	rootObject = ACF52E8A21895F0F004CBD49 /* Project object */;
}
